// !$*UTF8*$!
{
	archiveVersion = 1;
	classes = {
	};
	objectVersion = 56;
	objects = {

/* Begin PBXBuildFile section */
		6600E0852B8BB384003B2270 /* Stream.swift in Sources */ = {isa = PBXBuildFile; fileRef = 6600E0842B8BB384003B2270 /* Stream.swift */; };
		6600E0892B8BB5E8003B2270 /* StreamableVideoStatusControlView.swift in Sources */ = {isa = PBXBuildFile; fileRef = 6600E0882B8BB5E8003B2270 /* StreamableVideoStatusControlView.swift */; };
		6600E08C2B8BBBCB003B2270 /* DarkBackgroundView.swift in Sources */ = {isa = PBXBuildFile; fileRef = 6600E08B2B8BBBCB003B2270 /* DarkBackgroundView.swift */; };
		6600E0902B8BC0FD003B2270 /* InsetBackground.swift in Sources */ = {isa = PBXBuildFile; fileRef = 6600E08F2B8BC0FD003B2270 /* InsetBackground.swift */; };
		66028DF92B91798C00696071 /* ChatView.swift in Sources */ = {isa = PBXBuildFile; fileRef = 66028DF82B91798C00696071 /* ChatView.swift */; };
		66028DFF2B917AD800696071 /* PrivateMessageMock.swift in Sources */ = {isa = PBXBuildFile; fileRef = 66028DFE2B917AD800696071 /* PrivateMessageMock.swift */; };
		66028E022B917CD200696071 /* PrivateMessage.swift in Sources */ = {isa = PBXBuildFile; fileRef = 66028E012B917CD200696071 /* PrivateMessage.swift */; };
		660AFF6C2B93A9A60003186E /* ChatPaneView.swift in Sources */ = {isa = PBXBuildFile; fileRef = 660AFF6B2B93A9A60003186E /* ChatPaneView.swift */; };
		660F73A22B7446D70011FD65 /* WebViewPlayer.swift in Sources */ = {isa = PBXBuildFile; fileRef = 660F73A12B7446D70011FD65 /* WebViewPlayer.swift */; };
		660F73A52B745D710011FD65 /* PlayerControlsView.swift in Sources */ = {isa = PBXBuildFile; fileRef = 660F73A42B745D710011FD65 /* PlayerControlsView.swift */; };
		66125F502B83B913002169B5 /* CategoryView.swift in Sources */ = {isa = PBXBuildFile; fileRef = 66125F4F2B83B913002169B5 /* CategoryView.swift */; };
		66125F532B83C003002169B5 /* ScrollGridView.swift in Sources */ = {isa = PBXBuildFile; fileRef = 66125F522B83C003002169B5 /* ScrollGridView.swift */; };
		66125F562B83C88E002169B5 /* TabPage.swift in Sources */ = {isa = PBXBuildFile; fileRef = 66125F552B83C88E002169B5 /* TabPage.swift */; };
		66125F592B83CE4E002169B5 /* DefaultToolbar.swift in Sources */ = {isa = PBXBuildFile; fileRef = 66125F582B83CE4E002169B5 /* DefaultToolbar.swift */; };
		66125F5C2B83D9EC002169B5 /* OrnamentPickerTabView.swift in Sources */ = {isa = PBXBuildFile; fileRef = 66125F5B2B83D9EC002169B5 /* OrnamentPickerTabView.swift */; };
		66125F5F2B83EF38002169B5 /* View+HighlightableButton.swift in Sources */ = {isa = PBXBuildFile; fileRef = 66125F5E2B83EF38002169B5 /* View+HighlightableButton.swift */; };
		66125F632B8425A7002169B5 /* ChannelGridView.swift in Sources */ = {isa = PBXBuildFile; fileRef = 66125F622B8425A7002169B5 /* ChannelGridView.swift */; };
		66125F662B84260D002169B5 /* UserMock.swift in Sources */ = {isa = PBXBuildFile; fileRef = 66125F652B84260D002169B5 /* UserMock.swift */; };
		66125F692B84279A002169B5 /* ChannelButtonView.swift in Sources */ = {isa = PBXBuildFile; fileRef = 66125F682B84279A002169B5 /* ChannelButtonView.swift */; };
		66125F6F2B842F82002169B5 /* ChannelView.swift in Sources */ = {isa = PBXBuildFile; fileRef = 66125F6E2B842F82002169B5 /* ChannelView.swift */; };
		6614CD4D2B94FDA400A3EE17 /* SharedPlaybackSettings.swift in Sources */ = {isa = PBXBuildFile; fileRef = 6614CD4C2B94FDA400A3EE17 /* SharedPlaybackSettings.swift */; };
		662535402B9E01D000EBD081 /* ChatModel.swift in Sources */ = {isa = PBXBuildFile; fileRef = 6625353F2B9E01D000EBD081 /* ChatModel.swift */; };
		663336942B75B7EA0098D188 /* View+WindowGeometryPreferences.swift in Sources */ = {isa = PBXBuildFile; fileRef = 663336932B75B7EA0098D188 /* View+WindowGeometryPreferences.swift */; };
		66364FBA2B8ABB9C005180B8 /* APIErrorView.swift in Sources */ = {isa = PBXBuildFile; fileRef = 66364FB92B8ABB9C005180B8 /* APIErrorView.swift */; };
		66364FBD2B8AF629005180B8 /* CircleBackgroundLessButton.swift in Sources */ = {isa = PBXBuildFile; fileRef = 66364FBC2B8AF629005180B8 /* CircleBackgroundLessButton.swift */; };
		66364FC82B8BA49A005180B8 /* JunoUI in Frameworks */ = {isa = PBXBuildFile; productRef = 66364FC72B8BA49A005180B8 /* JunoUI */; };
		663B72FB2B6DB8E60031D661 /* SilaApp.swift in Sources */ = {isa = PBXBuildFile; fileRef = 663B72FA2B6DB8E60031D661 /* SilaApp.swift */; };
		663B73032B6DB8E80031D661 /* Assets.xcassets in Resources */ = {isa = PBXBuildFile; fileRef = 663B73022B6DB8E80031D661 /* Assets.xcassets */; };
		663B73062B6DB8E80031D661 /* Preview Assets.xcassets in Resources */ = {isa = PBXBuildFile; fileRef = 663B73052B6DB8E80031D661 /* Preview Assets.xcassets */; };
		663B73232B6DB9A30031D661 /* TwitchVideoView.swift in Sources */ = {isa = PBXBuildFile; fileRef = 663B73222B6DB9A30031D661 /* TwitchVideoView.swift */; };
		663B73272B6DBA8E0031D661 /* TwitchWebView.swift in Sources */ = {isa = PBXBuildFile; fileRef = 663B73262B6DBA8E0031D661 /* TwitchWebView.swift */; };
		663E38072B9226D3002E0530 /* Nuke in Frameworks */ = {isa = PBXBuildFile; productRef = 663E38062B9226D3002E0530 /* Nuke */; };
		663E38092B9226D3002E0530 /* NukeUI in Frameworks */ = {isa = PBXBuildFile; productRef = 663E38082B9226D3002E0530 /* NukeUI */; };
		6645AFE02BA87C890096BC03 /* OpenStreamIntent.swift in Sources */ = {isa = PBXBuildFile; fileRef = 6645AFDF2BA87C890096BC03 /* OpenStreamIntent.swift */; };
		6645AFE32BA90AD70096BC03 /* ChannelEntity.swift in Sources */ = {isa = PBXBuildFile; fileRef = 6645AFE22BA90AD70096BC03 /* ChannelEntity.swift */; };
		6645AFE62BA90C140096BC03 /* ChannelQuery.swift in Sources */ = {isa = PBXBuildFile; fileRef = 6645AFE52BA90C140096BC03 /* ChannelQuery.swift */; };
		6645AFE82BA910DC0096BC03 /* IntentError.swift in Sources */ = {isa = PBXBuildFile; fileRef = 6645AFE72BA910DC0096BC03 /* IntentError.swift */; };
		6645AFEA2BA9153D0096BC03 /* Shortcuts.swift in Sources */ = {isa = PBXBuildFile; fileRef = 6645AFE92BA9153D0096BC03 /* Shortcuts.swift */; };
		6645AFED2BAA532C0096BC03 /* AuthShortcut.swift in Sources */ = {isa = PBXBuildFile; fileRef = 6645AFEC2BAA532C0096BC03 /* AuthShortcut.swift */; };
		6648435E2C0B6B7B00F1427C /* PlayerOverlayControlsView.swift in Sources */ = {isa = PBXBuildFile; fileRef = 6648435D2C0B6B7B00F1427C /* PlayerOverlayControlsView.swift */; };
		6666F3492BAA6121009D5A29 /* LiveFollowingStreamsIntent.swift in Sources */ = {isa = PBXBuildFile; fileRef = 6666F3482BAA6121009D5A29 /* LiveFollowingStreamsIntent.swift */; };
		6666F34D2BAA6688009D5A29 /* PopularStreamsIntent.swift in Sources */ = {isa = PBXBuildFile; fileRef = 6666F34C2BAA6688009D5A29 /* PopularStreamsIntent.swift */; };
		6666F34F2BAA7119009D5A29 /* OpenApp.swift in Sources */ = {isa = PBXBuildFile; fileRef = 6666F34E2BAA7119009D5A29 /* OpenApp.swift */; };
		6666F3512BAA72B8009D5A29 /* StreamWrapperEntity.swift in Sources */ = {isa = PBXBuildFile; fileRef = 6666F3502BAA72B8009D5A29 /* StreamWrapperEntity.swift */; };
		6666F3532BAA7335009D5A29 /* StreamWrapperQuery.swift in Sources */ = {isa = PBXBuildFile; fileRef = 6666F3522BAA7335009D5A29 /* StreamWrapperQuery.swift */; };
		6666F3552BAA75E8009D5A29 /* CategoryStreams.swift in Sources */ = {isa = PBXBuildFile; fileRef = 6666F3542BAA75E8009D5A29 /* CategoryStreams.swift */; };
		666E97E92B8D7085008EE950 /* EmptyDataView.swift in Sources */ = {isa = PBXBuildFile; fileRef = 666E97E82B8D7085008EE950 /* EmptyDataView.swift */; };
		6672D37C2B8C3F7B00E9D0E9 /* NeedsLoginView.swift in Sources */ = {isa = PBXBuildFile; fileRef = 6672D37B2B8C3F7B00E9D0E9 /* NeedsLoginView.swift */; };
		6677BF702BC2160000C71CC5 /* LanguagePickerView.swift in Sources */ = {isa = PBXBuildFile; fileRef = 6677BF6F2BC2160000C71CC5 /* LanguagePickerView.swift */; };
		66891FF62B9A9590000C0D92 /* ChatMessage.swift in Sources */ = {isa = PBXBuildFile; fileRef = 66891FF52B9A9590000C0D92 /* ChatMessage.swift */; };
		66891FF82B9A9E72000C0D92 /* Color.swift in Sources */ = {isa = PBXBuildFile; fileRef = 66891FF72B9A9E72000C0D92 /* Color.swift */; };
		66891FFB2B9AA058000C0D92 /* View+BackgroundTint.swift in Sources */ = {isa = PBXBuildFile; fileRef = 66891FFA2B9AA058000C0D92 /* View+BackgroundTint.swift */; };
		6690EBA02BA6667B0093B18C /* ChatMessageModel.swift in Sources */ = {isa = PBXBuildFile; fileRef = 6690EB9F2BA6667B0093B18C /* ChatMessageModel.swift */; };
		6690EBA22BA667250093B18C /* CachedColors.swift in Sources */ = {isa = PBXBuildFile; fileRef = 6690EBA12BA667250093B18C /* CachedColors.swift */; };
		6690EBA42BA73C2B0093B18C /* Language.swift in Sources */ = {isa = PBXBuildFile; fileRef = 6690EBA32BA73C2B0093B18C /* Language.swift */; };
		6690EBA62BA73CEB0093B18C /* LanguageFilterPickerView.swift in Sources */ = {isa = PBXBuildFile; fileRef = 6690EBA52BA73CEB0093B18C /* LanguageFilterPickerView.swift */; };
		6690EBA82BA78C810093B18C /* RefreshableScrollGridView.swift in Sources */ = {isa = PBXBuildFile; fileRef = 6690EBA72BA78C810093B18C /* RefreshableScrollGridView.swift */; };
		66A5ADB52B96DA160025EF75 /* SettingsView.swift in Sources */ = {isa = PBXBuildFile; fileRef = 66A5ADB42B96DA160025EF75 /* SettingsView.swift */; };
		66A5ADB82B96DAA20025EF75 /* LicensesView.swift in Sources */ = {isa = PBXBuildFile; fileRef = 66A5ADB72B96DAA20025EF75 /* LicensesView.swift */; };
		66A5ADBB2B97E98E0025EF75 /* Licenses.xcstrings in Resources */ = {isa = PBXBuildFile; fileRef = 66A5ADBA2B97E98E0025EF75 /* Licenses.xcstrings */; };
		66A5ADBE2B9933730025EF75 /* WindowController.swift in Sources */ = {isa = PBXBuildFile; fileRef = 66A5ADBD2B9933730025EF75 /* WindowController.swift */; };
		66A5ADC12B9949C40025EF75 /* EmptyContentView.swift in Sources */ = {isa = PBXBuildFile; fileRef = 66A5ADC02B9949C40025EF75 /* EmptyContentView.swift */; };
		66AFA2E42CFCBF7600491D98 /* PlayerDurationSliderView.swift in Sources */ = {isa = PBXBuildFile; fileRef = 66AFA2E32CFCBF7600491D98 /* PlayerDurationSliderView.swift */; };
		66B5DD852B9FCBCC0054121D /* MatureStreamFilterView.swift in Sources */ = {isa = PBXBuildFile; fileRef = 66B5DD832B9FCBCC0054121D /* MatureStreamFilterView.swift */; };
		66B5DD862B9FCBCC0054121D /* StreamTimer.swift in Sources */ = {isa = PBXBuildFile; fileRef = 66B5DD842B9FCBCC0054121D /* StreamTimer.swift */; };
		66B5DD882B9FCC150054121D /* Setting.swift in Sources */ = {isa = PBXBuildFile; fileRef = 66B5DD872B9FCC150054121D /* Setting.swift */; };
		66C4BC332BCD97F000AA8732 /* SevenTVModels.swift in Sources */ = {isa = PBXBuildFile; fileRef = 66C4BC322BCD97F000AA8732 /* SevenTVModels.swift */; };
		66C4BC382BCD9C1400AA8732 /* Emote.swift in Sources */ = {isa = PBXBuildFile; fileRef = 66C4BC372BCD9C1400AA8732 /* Emote.swift */; };
		66C4BC3A2BCD9C9200AA8732 /* EmoteController.swift in Sources */ = {isa = PBXBuildFile; fileRef = 66C4BC392BCD9C9200AA8732 /* EmoteController.swift */; };
		66C96BDB2B8EB1C00016A91B /* VODGridView.swift in Sources */ = {isa = PBXBuildFile; fileRef = 66C96BDA2B8EB1C00016A91B /* VODGridView.swift */; };
		66C96BDE2B8EC2D10016A91B /* VideoMock.swift in Sources */ = {isa = PBXBuildFile; fileRef = 66C96BDD2B8EC2D10016A91B /* VideoMock.swift */; };
		66C96BE12B8EC4510016A91B /* VODButtonView.swift in Sources */ = {isa = PBXBuildFile; fileRef = 66C96BE02B8EC4510016A91B /* VODButtonView.swift */; };
		66C96BE42B8ECB660016A91B /* SharedStreamButtonView.swift in Sources */ = {isa = PBXBuildFile; fileRef = 66C96BE32B8ECB660016A91B /* SharedStreamButtonView.swift */; };
		66C96BE72B8ECD5D0016A91B /* Video.swift in Sources */ = {isa = PBXBuildFile; fileRef = 66C96BE62B8ECD5D0016A91B /* Video.swift */; };
		66C96BED2B900E7F0016A91B /* StreamableVideo.swift in Sources */ = {isa = PBXBuildFile; fileRef = 66C96BEC2B900E7F0016A91B /* StreamableVideo.swift */; };
		66D11B522BF140C300DDD159 /* DebugChat.swift in Sources */ = {isa = PBXBuildFile; fileRef = 66D11B512BF140C300DDD159 /* DebugChat.swift */; };
		66D11B582BF2DE3800DDD159 /* AsyncAnimatedImageUI in Frameworks */ = {isa = PBXBuildFile; productRef = 66D11B572BF2DE3800DDD159 /* AsyncAnimatedImageUI */; };
		66D11B672BF5B51000DDD159 /* AsyncAnimatedImageUI in Frameworks */ = {isa = PBXBuildFile; productRef = 66D11B662BF5B51000DDD159 /* AsyncAnimatedImageUI */; };
		66D11B692BF8165B00DDD159 /* BetterTTVModels.swift in Sources */ = {isa = PBXBuildFile; fileRef = 66D11B682BF8165B00DDD159 /* BetterTTVModels.swift */; };
		66D11B6C2BF81FF200DDD159 /* AsyncAnimatedImageUI in Frameworks */ = {isa = PBXBuildFile; productRef = 66D11B6B2BF81FF200DDD159 /* AsyncAnimatedImageUI */; };
		66D11B6E2BF8F2C000DDD159 /* FrankerFaceZModels.swift in Sources */ = {isa = PBXBuildFile; fileRef = 66D11B6D2BF8F2C000DDD159 /* FrankerFaceZModels.swift */; };
		66DF455D2B8BA645006C1D99 /* VolumeSlider.swift in Sources */ = {isa = PBXBuildFile; fileRef = 66DF455C2B8BA645006C1D99 /* VolumeSlider.swift */; };
		66E102122B82515A007A44D4 /* TagView.swift in Sources */ = {isa = PBXBuildFile; fileRef = 66E102112B82515A007A44D4 /* TagView.swift */; };
		66E102192B8262AC007A44D4 /* KeychainWrapper in Frameworks */ = {isa = PBXBuildFile; productRef = 66E102182B8262AC007A44D4 /* KeychainWrapper */; };
		66E1021B2B8272E3007A44D4 /* Auth+Notification.swift in Sources */ = {isa = PBXBuildFile; fileRef = 66E1021A2B8272E3007A44D4 /* Auth+Notification.swift */; };
		66E1021E2B8273B0007A44D4 /* TwitchWindowView.swift in Sources */ = {isa = PBXBuildFile; fileRef = 66E1021D2B8273B0007A44D4 /* TwitchWindowView.swift */; };
		66E102222B829349007A44D4 /* StreamButtonView.swift in Sources */ = {isa = PBXBuildFile; fileRef = 66E102212B829349007A44D4 /* StreamButtonView.swift */; };
		66E102262B8293EB007A44D4 /* StreamMock.swift in Sources */ = {isa = PBXBuildFile; fileRef = 66E102252B8293EB007A44D4 /* StreamMock.swift */; };
		66E102292B82988A007A44D4 /* PopularView.swift in Sources */ = {isa = PBXBuildFile; fileRef = 66E102282B82988A007A44D4 /* PopularView.swift */; };
		66E1022C2B82A592007A44D4 /* StreamGridView.swift in Sources */ = {isa = PBXBuildFile; fileRef = 66E1022B2B82A592007A44D4 /* StreamGridView.swift */; };
		66E102322B82D317007A44D4 /* CategoryListView.swift in Sources */ = {isa = PBXBuildFile; fileRef = 66E102312B82D317007A44D4 /* CategoryListView.swift */; };
		66E102352B82D788007A44D4 /* CategoryMock.swift in Sources */ = {isa = PBXBuildFile; fileRef = 66E102342B82D788007A44D4 /* CategoryMock.swift */; };
		66E1023C2B82D85B007A44D4 /* CategoryGridView.swift in Sources */ = {isa = PBXBuildFile; fileRef = 66E1023B2B82D85B007A44D4 /* CategoryGridView.swift */; };
		66E1023F2B82D8AF007A44D4 /* CategoryButtonView.swift in Sources */ = {isa = PBXBuildFile; fileRef = 66E1023E2B82D8AF007A44D4 /* CategoryButtonView.swift */; };
		66E102422B82D94E007A44D4 /* AsyncImageButtonView.swift in Sources */ = {isa = PBXBuildFile; fileRef = 66E102412B82D94D007A44D4 /* AsyncImageButtonView.swift */; };
		66E102462B82E3E8007A44D4 /* Router.swift in Sources */ = {isa = PBXBuildFile; fileRef = 66E102452B82E3E8007A44D4 /* Router.swift */; };
		66E102492B82E496007A44D4 /* NavStack.swift in Sources */ = {isa = PBXBuildFile; fileRef = 66E102482B82E496007A44D4 /* NavStack.swift */; };
		66E8859F2B86C646004B4B8D /* DataLoader.swift in Sources */ = {isa = PBXBuildFile; fileRef = 66E8859E2B86C646004B4B8D /* DataLoader.swift */; };
		66E885A22B86D95C004B4B8D /* AuthStatus.swift in Sources */ = {isa = PBXBuildFile; fileRef = 66E885A12B86D95C004B4B8D /* AuthStatus.swift */; };
		66E885A82B8821D9004B4B8D /* StandardDataView.swift in Sources */ = {isa = PBXBuildFile; fileRef = 66E885A72B8821D9004B4B8D /* StandardDataView.swift */; };
		66F105A32BA4B28E006B7ADE /* Lifecycle.swift in Sources */ = {isa = PBXBuildFile; fileRef = 66F105A22BA4B28E006B7ADE /* Lifecycle.swift */; };
		66F105A52BA4B3DF006B7ADE /* Task.swift in Sources */ = {isa = PBXBuildFile; fileRef = 66F105A42BA4B3DF006B7ADE /* Task.swift */; };
		66F105A72BA4B83A006B7ADE /* WindowTracker.swift in Sources */ = {isa = PBXBuildFile; fileRef = 66F105A62BA4B83A006B7ADE /* WindowTracker.swift */; };
		66F4E40F2B7D8FD3008C565D /* Twitch+Notification.swift in Sources */ = {isa = PBXBuildFile; fileRef = 66F4E40E2B7D8FD3008C565D /* Twitch+Notification.swift */; };
		66F4E4162B80292F008C565D /* OAuthWebView.swift in Sources */ = {isa = PBXBuildFile; fileRef = 66F4E4152B80292F008C565D /* OAuthWebView.swift */; };
		66F4E41D2B811788008C565D /* AuthBadgeView.swift in Sources */ = {isa = PBXBuildFile; fileRef = 66F4E41C2B811788008C565D /* AuthBadgeView.swift */; };
		66F4E4202B8118E9008C565D /* MainWindowView.swift in Sources */ = {isa = PBXBuildFile; fileRef = 66F4E41F2B8118E9008C565D /* MainWindowView.swift */; };
		66F4E4252B811B6C008C565D /* CloseButtonView.swift in Sources */ = {isa = PBXBuildFile; fileRef = 66F4E4242B811B6C008C565D /* CloseButtonView.swift */; };
		66F4E4282B812932008C565D /* OAuthView.swift in Sources */ = {isa = PBXBuildFile; fileRef = 66F4E4272B812932008C565D /* OAuthView.swift */; };
		66F4E42C2B812A32008C565D /* AuthController.swift in Sources */ = {isa = PBXBuildFile; fileRef = 66F4E42B2B812A32008C565D /* AuthController.swift */; };
		66F4E4302B8132F5008C565D /* Twitch in Frameworks */ = {isa = PBXBuildFile; productRef = 66F4E42F2B8132F5008C565D /* Twitch */; };
		66F4E4342B813A1F008C565D /* FollowedStreamsView.swift in Sources */ = {isa = PBXBuildFile; fileRef = 66F4E4332B813A1F008C565D /* FollowedStreamsView.swift */; };
		66F4E43D2B818499008C565D /* DataView.swift in Sources */ = {isa = PBXBuildFile; fileRef = 66F4E43C2B818499008C565D /* DataView.swift */; };
		66F8D1902B88581D008C4F7C /* Icon.swift in Sources */ = {isa = PBXBuildFile; fileRef = 66F8D18F2B88581D008C4F7C /* Icon.swift */; };
		66F8D1932B894253008C4F7C /* Route.swift in Sources */ = {isa = PBXBuildFile; fileRef = 66F8D1922B894253008C4F7C /* Route.swift */; };
		66F8D1962B898141008C4F7C /* LoadingAsyncImage.swift in Sources */ = {isa = PBXBuildFile; fileRef = 66F8D1952B898141008C4F7C /* LoadingAsyncImage.swift */; };
		66F8D1992B89A051008C4F7C /* SearchView.swift in Sources */ = {isa = PBXBuildFile; fileRef = 66F8D1982B89A051008C4F7C /* SearchView.swift */; };
		66F8D1A02B8A8F4B008C4F7C /* ChannelMock.swift in Sources */ = {isa = PBXBuildFile; fileRef = 66F8D19F2B8A8F4B008C4F7C /* ChannelMock.swift */; };
		68A872C52BACBB070031FCD4 /* View.swift in Sources */ = {isa = PBXBuildFile; fileRef = 68A872C42BACBB070031FCD4 /* View.swift */; };
/* End PBXBuildFile section */

/* Begin PBXFileReference section */
		6600E0842B8BB384003B2270 /* Stream.swift */ = {isa = PBXFileReference; lastKnownFileType = sourcecode.swift; path = Stream.swift; sourceTree = "<group>"; };
		6600E0882B8BB5E8003B2270 /* StreamableVideoStatusControlView.swift */ = {isa = PBXFileReference; lastKnownFileType = sourcecode.swift; path = StreamableVideoStatusControlView.swift; sourceTree = "<group>"; };
		6600E08B2B8BBBCB003B2270 /* DarkBackgroundView.swift */ = {isa = PBXFileReference; lastKnownFileType = sourcecode.swift; path = DarkBackgroundView.swift; sourceTree = "<group>"; };
		6600E08F2B8BC0FD003B2270 /* InsetBackground.swift */ = {isa = PBXFileReference; lastKnownFileType = sourcecode.swift; path = InsetBackground.swift; sourceTree = "<group>"; };
		66028DF82B91798C00696071 /* ChatView.swift */ = {isa = PBXFileReference; lastKnownFileType = sourcecode.swift; path = ChatView.swift; sourceTree = "<group>"; };
		66028DFE2B917AD800696071 /* PrivateMessageMock.swift */ = {isa = PBXFileReference; lastKnownFileType = sourcecode.swift; path = PrivateMessageMock.swift; sourceTree = "<group>"; };
		66028E012B917CD200696071 /* PrivateMessage.swift */ = {isa = PBXFileReference; lastKnownFileType = sourcecode.swift; path = PrivateMessage.swift; sourceTree = "<group>"; };
		660AFF6B2B93A9A60003186E /* ChatPaneView.swift */ = {isa = PBXFileReference; lastKnownFileType = sourcecode.swift; path = ChatPaneView.swift; sourceTree = "<group>"; };
		660F73A12B7446D70011FD65 /* WebViewPlayer.swift */ = {isa = PBXFileReference; lastKnownFileType = sourcecode.swift; path = WebViewPlayer.swift; sourceTree = "<group>"; };
		660F73A42B745D710011FD65 /* PlayerControlsView.swift */ = {isa = PBXFileReference; lastKnownFileType = sourcecode.swift; path = PlayerControlsView.swift; sourceTree = "<group>"; };
		66125F4F2B83B913002169B5 /* CategoryView.swift */ = {isa = PBXFileReference; lastKnownFileType = sourcecode.swift; path = CategoryView.swift; sourceTree = "<group>"; };
		66125F522B83C003002169B5 /* ScrollGridView.swift */ = {isa = PBXFileReference; lastKnownFileType = sourcecode.swift; path = ScrollGridView.swift; sourceTree = "<group>"; };
		66125F552B83C88E002169B5 /* TabPage.swift */ = {isa = PBXFileReference; lastKnownFileType = sourcecode.swift; path = TabPage.swift; sourceTree = "<group>"; };
		66125F582B83CE4E002169B5 /* DefaultToolbar.swift */ = {isa = PBXFileReference; lastKnownFileType = sourcecode.swift; path = DefaultToolbar.swift; sourceTree = "<group>"; };
		66125F5B2B83D9EC002169B5 /* OrnamentPickerTabView.swift */ = {isa = PBXFileReference; lastKnownFileType = sourcecode.swift; path = OrnamentPickerTabView.swift; sourceTree = "<group>"; };
		66125F5E2B83EF38002169B5 /* View+HighlightableButton.swift */ = {isa = PBXFileReference; lastKnownFileType = sourcecode.swift; path = "View+HighlightableButton.swift"; sourceTree = "<group>"; };
		66125F622B8425A7002169B5 /* ChannelGridView.swift */ = {isa = PBXFileReference; lastKnownFileType = sourcecode.swift; path = ChannelGridView.swift; sourceTree = "<group>"; };
		66125F652B84260D002169B5 /* UserMock.swift */ = {isa = PBXFileReference; lastKnownFileType = sourcecode.swift; path = UserMock.swift; sourceTree = "<group>"; };
		66125F682B84279A002169B5 /* ChannelButtonView.swift */ = {isa = PBXFileReference; lastKnownFileType = sourcecode.swift; path = ChannelButtonView.swift; sourceTree = "<group>"; };
		66125F6E2B842F82002169B5 /* ChannelView.swift */ = {isa = PBXFileReference; lastKnownFileType = sourcecode.swift; path = ChannelView.swift; sourceTree = "<group>"; };
		6614CD4C2B94FDA400A3EE17 /* SharedPlaybackSettings.swift */ = {isa = PBXFileReference; lastKnownFileType = sourcecode.swift; path = SharedPlaybackSettings.swift; sourceTree = "<group>"; };
		6625353F2B9E01D000EBD081 /* ChatModel.swift */ = {isa = PBXFileReference; lastKnownFileType = sourcecode.swift; path = ChatModel.swift; sourceTree = "<group>"; };
		662C4FE92B856F7100A84C7A /* Keys.xcconfig */ = {isa = PBXFileReference; lastKnownFileType = text.xcconfig; path = Keys.xcconfig; sourceTree = "<group>"; };
		663336932B75B7EA0098D188 /* View+WindowGeometryPreferences.swift */ = {isa = PBXFileReference; lastKnownFileType = sourcecode.swift; path = "View+WindowGeometryPreferences.swift"; sourceTree = "<group>"; };
		66364FB92B8ABB9C005180B8 /* APIErrorView.swift */ = {isa = PBXFileReference; lastKnownFileType = sourcecode.swift; path = APIErrorView.swift; sourceTree = "<group>"; };
		66364FBC2B8AF629005180B8 /* CircleBackgroundLessButton.swift */ = {isa = PBXFileReference; lastKnownFileType = sourcecode.swift; path = CircleBackgroundLessButton.swift; sourceTree = "<group>"; };
		663B72F32B6DB8E60031D661 /* Sila.app */ = {isa = PBXFileReference; explicitFileType = wrapper.application; includeInIndex = 0; path = Sila.app; sourceTree = BUILT_PRODUCTS_DIR; };
		663B72FA2B6DB8E60031D661 /* SilaApp.swift */ = {isa = PBXFileReference; lastKnownFileType = sourcecode.swift; path = SilaApp.swift; sourceTree = "<group>"; };
		663B73022B6DB8E80031D661 /* Assets.xcassets */ = {isa = PBXFileReference; lastKnownFileType = folder.assetcatalog; path = Assets.xcassets; sourceTree = "<group>"; };
		663B73052B6DB8E80031D661 /* Preview Assets.xcassets */ = {isa = PBXFileReference; lastKnownFileType = folder.assetcatalog; path = "Preview Assets.xcassets"; sourceTree = "<group>"; };
		663B73072B6DB8E80031D661 /* Info.plist */ = {isa = PBXFileReference; lastKnownFileType = text.plist.xml; path = Info.plist; sourceTree = "<group>"; };
		663B73222B6DB9A30031D661 /* TwitchVideoView.swift */ = {isa = PBXFileReference; lastKnownFileType = sourcecode.swift; path = TwitchVideoView.swift; sourceTree = "<group>"; };
		663B73262B6DBA8E0031D661 /* TwitchWebView.swift */ = {isa = PBXFileReference; lastKnownFileType = sourcecode.swift; path = TwitchWebView.swift; sourceTree = "<group>"; };
		6645AFDF2BA87C890096BC03 /* OpenStreamIntent.swift */ = {isa = PBXFileReference; lastKnownFileType = sourcecode.swift; path = OpenStreamIntent.swift; sourceTree = "<group>"; };
		6645AFE22BA90AD70096BC03 /* ChannelEntity.swift */ = {isa = PBXFileReference; lastKnownFileType = sourcecode.swift; path = ChannelEntity.swift; sourceTree = "<group>"; };
		6645AFE52BA90C140096BC03 /* ChannelQuery.swift */ = {isa = PBXFileReference; lastKnownFileType = sourcecode.swift; path = ChannelQuery.swift; sourceTree = "<group>"; };
		6645AFE72BA910DC0096BC03 /* IntentError.swift */ = {isa = PBXFileReference; lastKnownFileType = sourcecode.swift; path = IntentError.swift; sourceTree = "<group>"; };
		6645AFE92BA9153D0096BC03 /* Shortcuts.swift */ = {isa = PBXFileReference; lastKnownFileType = sourcecode.swift; path = Shortcuts.swift; sourceTree = "<group>"; };
		6645AFEC2BAA532C0096BC03 /* AuthShortcut.swift */ = {isa = PBXFileReference; lastKnownFileType = sourcecode.swift; path = AuthShortcut.swift; sourceTree = "<group>"; };
		6648435D2C0B6B7B00F1427C /* PlayerOverlayControlsView.swift */ = {isa = PBXFileReference; lastKnownFileType = sourcecode.swift; path = PlayerOverlayControlsView.swift; sourceTree = "<group>"; };
		6666F3482BAA6121009D5A29 /* LiveFollowingStreamsIntent.swift */ = {isa = PBXFileReference; lastKnownFileType = sourcecode.swift; path = LiveFollowingStreamsIntent.swift; sourceTree = "<group>"; };
		6666F34C2BAA6688009D5A29 /* PopularStreamsIntent.swift */ = {isa = PBXFileReference; lastKnownFileType = sourcecode.swift; path = PopularStreamsIntent.swift; sourceTree = "<group>"; };
		6666F34E2BAA7119009D5A29 /* OpenApp.swift */ = {isa = PBXFileReference; lastKnownFileType = sourcecode.swift; path = OpenApp.swift; sourceTree = "<group>"; };
		6666F3502BAA72B8009D5A29 /* StreamWrapperEntity.swift */ = {isa = PBXFileReference; lastKnownFileType = sourcecode.swift; path = StreamWrapperEntity.swift; sourceTree = "<group>"; };
		6666F3522BAA7335009D5A29 /* StreamWrapperQuery.swift */ = {isa = PBXFileReference; lastKnownFileType = sourcecode.swift; path = StreamWrapperQuery.swift; sourceTree = "<group>"; };
		6666F3542BAA75E8009D5A29 /* CategoryStreams.swift */ = {isa = PBXFileReference; lastKnownFileType = sourcecode.swift; path = CategoryStreams.swift; sourceTree = "<group>"; };
		666E97E82B8D7085008EE950 /* EmptyDataView.swift */ = {isa = PBXFileReference; lastKnownFileType = sourcecode.swift; path = EmptyDataView.swift; sourceTree = "<group>"; };
		6672D37B2B8C3F7B00E9D0E9 /* NeedsLoginView.swift */ = {isa = PBXFileReference; lastKnownFileType = sourcecode.swift; path = NeedsLoginView.swift; sourceTree = "<group>"; };
		6677BF6F2BC2160000C71CC5 /* LanguagePickerView.swift */ = {isa = PBXFileReference; lastKnownFileType = sourcecode.swift; path = LanguagePickerView.swift; sourceTree = "<group>"; };
		66891FF52B9A9590000C0D92 /* ChatMessage.swift */ = {isa = PBXFileReference; lastKnownFileType = sourcecode.swift; path = ChatMessage.swift; sourceTree = "<group>"; };
		66891FF72B9A9E72000C0D92 /* Color.swift */ = {isa = PBXFileReference; lastKnownFileType = sourcecode.swift; path = Color.swift; sourceTree = "<group>"; };
		66891FFA2B9AA058000C0D92 /* View+BackgroundTint.swift */ = {isa = PBXFileReference; lastKnownFileType = sourcecode.swift; path = "View+BackgroundTint.swift"; sourceTree = "<group>"; };
		6690EB9F2BA6667B0093B18C /* ChatMessageModel.swift */ = {isa = PBXFileReference; lastKnownFileType = sourcecode.swift; path = ChatMessageModel.swift; sourceTree = "<group>"; };
		6690EBA12BA667250093B18C /* CachedColors.swift */ = {isa = PBXFileReference; lastKnownFileType = sourcecode.swift; path = CachedColors.swift; sourceTree = "<group>"; };
		6690EBA32BA73C2B0093B18C /* Language.swift */ = {isa = PBXFileReference; lastKnownFileType = sourcecode.swift; path = Language.swift; sourceTree = "<group>"; };
		6690EBA52BA73CEB0093B18C /* LanguageFilterPickerView.swift */ = {isa = PBXFileReference; lastKnownFileType = sourcecode.swift; path = LanguageFilterPickerView.swift; sourceTree = "<group>"; };
		6690EBA72BA78C810093B18C /* RefreshableScrollGridView.swift */ = {isa = PBXFileReference; lastKnownFileType = sourcecode.swift; path = RefreshableScrollGridView.swift; sourceTree = "<group>"; };
		66A5ADB42B96DA160025EF75 /* SettingsView.swift */ = {isa = PBXFileReference; lastKnownFileType = sourcecode.swift; path = SettingsView.swift; sourceTree = "<group>"; };
		66A5ADB72B96DAA20025EF75 /* LicensesView.swift */ = {isa = PBXFileReference; lastKnownFileType = sourcecode.swift; path = LicensesView.swift; sourceTree = "<group>"; };
		66A5ADBA2B97E98E0025EF75 /* Licenses.xcstrings */ = {isa = PBXFileReference; lastKnownFileType = text.json.xcstrings; name = Licenses.xcstrings; path = Sila/Licenses.xcstrings; sourceTree = SOURCE_ROOT; };
		66A5ADBD2B9933730025EF75 /* WindowController.swift */ = {isa = PBXFileReference; lastKnownFileType = sourcecode.swift; path = WindowController.swift; sourceTree = "<group>"; };
		66A5ADC02B9949C40025EF75 /* EmptyContentView.swift */ = {isa = PBXFileReference; lastKnownFileType = sourcecode.swift; path = EmptyContentView.swift; sourceTree = "<group>"; };
		66AFA2E32CFCBF7600491D98 /* PlayerDurationSliderView.swift */ = {isa = PBXFileReference; lastKnownFileType = sourcecode.swift; path = PlayerDurationSliderView.swift; sourceTree = "<group>"; };
		66B5DD832B9FCBCC0054121D /* MatureStreamFilterView.swift */ = {isa = PBXFileReference; fileEncoding = 4; lastKnownFileType = sourcecode.swift; path = MatureStreamFilterView.swift; sourceTree = "<group>"; };
		66B5DD842B9FCBCC0054121D /* StreamTimer.swift */ = {isa = PBXFileReference; fileEncoding = 4; lastKnownFileType = sourcecode.swift; path = StreamTimer.swift; sourceTree = "<group>"; };
		66B5DD872B9FCC150054121D /* Setting.swift */ = {isa = PBXFileReference; fileEncoding = 4; lastKnownFileType = sourcecode.swift; path = Setting.swift; sourceTree = "<group>"; };
		66C4BC322BCD97F000AA8732 /* SevenTVModels.swift */ = {isa = PBXFileReference; lastKnownFileType = sourcecode.swift; path = SevenTVModels.swift; sourceTree = "<group>"; };
		66C4BC372BCD9C1400AA8732 /* Emote.swift */ = {isa = PBXFileReference; lastKnownFileType = sourcecode.swift; path = Emote.swift; sourceTree = "<group>"; };
		66C4BC392BCD9C9200AA8732 /* EmoteController.swift */ = {isa = PBXFileReference; lastKnownFileType = sourcecode.swift; path = EmoteController.swift; sourceTree = "<group>"; };
		66C96BDA2B8EB1C00016A91B /* VODGridView.swift */ = {isa = PBXFileReference; lastKnownFileType = sourcecode.swift; path = VODGridView.swift; sourceTree = "<group>"; };
		66C96BDD2B8EC2D10016A91B /* VideoMock.swift */ = {isa = PBXFileReference; lastKnownFileType = sourcecode.swift; path = VideoMock.swift; sourceTree = "<group>"; };
		66C96BE02B8EC4510016A91B /* VODButtonView.swift */ = {isa = PBXFileReference; lastKnownFileType = sourcecode.swift; path = VODButtonView.swift; sourceTree = "<group>"; };
		66C96BE32B8ECB660016A91B /* SharedStreamButtonView.swift */ = {isa = PBXFileReference; lastKnownFileType = sourcecode.swift; path = SharedStreamButtonView.swift; sourceTree = "<group>"; };
		66C96BE62B8ECD5D0016A91B /* Video.swift */ = {isa = PBXFileReference; lastKnownFileType = sourcecode.swift; path = Video.swift; sourceTree = "<group>"; };
		66C96BEC2B900E7F0016A91B /* StreamableVideo.swift */ = {isa = PBXFileReference; lastKnownFileType = sourcecode.swift; path = StreamableVideo.swift; sourceTree = "<group>"; };
		66D11B512BF140C300DDD159 /* DebugChat.swift */ = {isa = PBXFileReference; lastKnownFileType = sourcecode.swift; path = DebugChat.swift; sourceTree = "<group>"; };
		66D11B682BF8165B00DDD159 /* BetterTTVModels.swift */ = {isa = PBXFileReference; lastKnownFileType = sourcecode.swift; path = BetterTTVModels.swift; sourceTree = "<group>"; };
		66D11B6D2BF8F2C000DDD159 /* FrankerFaceZModels.swift */ = {isa = PBXFileReference; lastKnownFileType = sourcecode.swift; path = FrankerFaceZModels.swift; sourceTree = "<group>"; };
		66DF455C2B8BA645006C1D99 /* VolumeSlider.swift */ = {isa = PBXFileReference; lastKnownFileType = sourcecode.swift; path = VolumeSlider.swift; sourceTree = "<group>"; };
		66E102112B82515A007A44D4 /* TagView.swift */ = {isa = PBXFileReference; lastKnownFileType = sourcecode.swift; path = TagView.swift; sourceTree = "<group>"; };
		66E1021A2B8272E3007A44D4 /* Auth+Notification.swift */ = {isa = PBXFileReference; lastKnownFileType = sourcecode.swift; path = "Auth+Notification.swift"; sourceTree = "<group>"; };
		66E1021D2B8273B0007A44D4 /* TwitchWindowView.swift */ = {isa = PBXFileReference; lastKnownFileType = sourcecode.swift; path = TwitchWindowView.swift; sourceTree = "<group>"; };
		66E102212B829349007A44D4 /* StreamButtonView.swift */ = {isa = PBXFileReference; lastKnownFileType = sourcecode.swift; path = StreamButtonView.swift; sourceTree = "<group>"; };
		66E102252B8293EB007A44D4 /* StreamMock.swift */ = {isa = PBXFileReference; lastKnownFileType = sourcecode.swift; path = StreamMock.swift; sourceTree = "<group>"; };
		66E102282B82988A007A44D4 /* PopularView.swift */ = {isa = PBXFileReference; lastKnownFileType = sourcecode.swift; path = PopularView.swift; sourceTree = "<group>"; };
		66E1022B2B82A592007A44D4 /* StreamGridView.swift */ = {isa = PBXFileReference; lastKnownFileType = sourcecode.swift; path = StreamGridView.swift; sourceTree = "<group>"; };
		66E102312B82D317007A44D4 /* CategoryListView.swift */ = {isa = PBXFileReference; lastKnownFileType = sourcecode.swift; path = CategoryListView.swift; sourceTree = "<group>"; };
		66E102342B82D788007A44D4 /* CategoryMock.swift */ = {isa = PBXFileReference; lastKnownFileType = sourcecode.swift; path = CategoryMock.swift; sourceTree = "<group>"; };
		66E1023B2B82D85B007A44D4 /* CategoryGridView.swift */ = {isa = PBXFileReference; lastKnownFileType = sourcecode.swift; path = CategoryGridView.swift; sourceTree = "<group>"; };
		66E1023E2B82D8AF007A44D4 /* CategoryButtonView.swift */ = {isa = PBXFileReference; lastKnownFileType = sourcecode.swift; path = CategoryButtonView.swift; sourceTree = "<group>"; };
		66E102412B82D94D007A44D4 /* AsyncImageButtonView.swift */ = {isa = PBXFileReference; lastKnownFileType = sourcecode.swift; path = AsyncImageButtonView.swift; sourceTree = "<group>"; };
		66E102452B82E3E8007A44D4 /* Router.swift */ = {isa = PBXFileReference; lastKnownFileType = sourcecode.swift; path = Router.swift; sourceTree = "<group>"; };
		66E102482B82E496007A44D4 /* NavStack.swift */ = {isa = PBXFileReference; lastKnownFileType = sourcecode.swift; path = NavStack.swift; sourceTree = "<group>"; };
		66E8859E2B86C646004B4B8D /* DataLoader.swift */ = {isa = PBXFileReference; lastKnownFileType = sourcecode.swift; path = DataLoader.swift; sourceTree = "<group>"; };
		66E885A12B86D95C004B4B8D /* AuthStatus.swift */ = {isa = PBXFileReference; lastKnownFileType = sourcecode.swift; path = AuthStatus.swift; sourceTree = "<group>"; };
		66E885A72B8821D9004B4B8D /* StandardDataView.swift */ = {isa = PBXFileReference; lastKnownFileType = sourcecode.swift; path = StandardDataView.swift; sourceTree = "<group>"; };
		66F105A22BA4B28E006B7ADE /* Lifecycle.swift */ = {isa = PBXFileReference; lastKnownFileType = sourcecode.swift; path = Lifecycle.swift; sourceTree = "<group>"; };
		66F105A42BA4B3DF006B7ADE /* Task.swift */ = {isa = PBXFileReference; lastKnownFileType = sourcecode.swift; path = Task.swift; sourceTree = "<group>"; };
		66F105A62BA4B83A006B7ADE /* WindowTracker.swift */ = {isa = PBXFileReference; lastKnownFileType = sourcecode.swift; path = WindowTracker.swift; sourceTree = "<group>"; };
		66F4E40E2B7D8FD3008C565D /* Twitch+Notification.swift */ = {isa = PBXFileReference; lastKnownFileType = sourcecode.swift; path = "Twitch+Notification.swift"; sourceTree = "<group>"; };
		66F4E4152B80292F008C565D /* OAuthWebView.swift */ = {isa = PBXFileReference; lastKnownFileType = sourcecode.swift; path = OAuthWebView.swift; sourceTree = "<group>"; };
		66F4E41C2B811788008C565D /* AuthBadgeView.swift */ = {isa = PBXFileReference; lastKnownFileType = sourcecode.swift; path = AuthBadgeView.swift; sourceTree = "<group>"; };
		66F4E41F2B8118E9008C565D /* MainWindowView.swift */ = {isa = PBXFileReference; lastKnownFileType = sourcecode.swift; path = MainWindowView.swift; sourceTree = "<group>"; };
		66F4E4242B811B6C008C565D /* CloseButtonView.swift */ = {isa = PBXFileReference; lastKnownFileType = sourcecode.swift; path = CloseButtonView.swift; sourceTree = "<group>"; };
		66F4E4272B812932008C565D /* OAuthView.swift */ = {isa = PBXFileReference; lastKnownFileType = sourcecode.swift; path = OAuthView.swift; sourceTree = "<group>"; };
		66F4E42B2B812A32008C565D /* AuthController.swift */ = {isa = PBXFileReference; lastKnownFileType = sourcecode.swift; path = AuthController.swift; sourceTree = "<group>"; };
		66F4E4332B813A1F008C565D /* FollowedStreamsView.swift */ = {isa = PBXFileReference; lastKnownFileType = sourcecode.swift; path = FollowedStreamsView.swift; sourceTree = "<group>"; };
		66F4E43C2B818499008C565D /* DataView.swift */ = {isa = PBXFileReference; lastKnownFileType = sourcecode.swift; path = DataView.swift; sourceTree = "<group>"; };
		66F8D18F2B88581D008C4F7C /* Icon.swift */ = {isa = PBXFileReference; lastKnownFileType = sourcecode.swift; path = Icon.swift; sourceTree = "<group>"; };
		66F8D1922B894253008C4F7C /* Route.swift */ = {isa = PBXFileReference; lastKnownFileType = sourcecode.swift; path = Route.swift; sourceTree = "<group>"; };
		66F8D1952B898141008C4F7C /* LoadingAsyncImage.swift */ = {isa = PBXFileReference; lastKnownFileType = sourcecode.swift; path = LoadingAsyncImage.swift; sourceTree = "<group>"; };
		66F8D1982B89A051008C4F7C /* SearchView.swift */ = {isa = PBXFileReference; lastKnownFileType = sourcecode.swift; path = SearchView.swift; sourceTree = "<group>"; };
		66F8D19F2B8A8F4B008C4F7C /* ChannelMock.swift */ = {isa = PBXFileReference; lastKnownFileType = sourcecode.swift; path = ChannelMock.swift; sourceTree = "<group>"; };
		68A872C42BACBB070031FCD4 /* View.swift */ = {isa = PBXFileReference; lastKnownFileType = sourcecode.swift; path = View.swift; sourceTree = "<group>"; };
/* End PBXFileReference section */

/* Begin PBXFrameworksBuildPhase section */
		663B72F02B6DB8E60031D661 /* Frameworks */ = {
			isa = PBXFrameworksBuildPhase;
			buildActionMask = 2147483647;
			files = (
				66E102192B8262AC007A44D4 /* KeychainWrapper in Frameworks */,
				663E38092B9226D3002E0530 /* NukeUI in Frameworks */,
				66F4E4302B8132F5008C565D /* Twitch in Frameworks */,
				663E38072B9226D3002E0530 /* Nuke in Frameworks */,
				66D11B582BF2DE3800DDD159 /* AsyncAnimatedImageUI in Frameworks */,
				66364FC82B8BA49A005180B8 /* JunoUI in Frameworks */,
				66D11B6C2BF81FF200DDD159 /* AsyncAnimatedImageUI in Frameworks */,
				66D11B672BF5B51000DDD159 /* AsyncAnimatedImageUI in Frameworks */,
			);
			runOnlyForDeploymentPostprocessing = 0;
		};
/* End PBXFrameworksBuildPhase section */

/* Begin PBXGroup section */
		6600E0832B8BB352003B2270 /* Overrides */ = {
			isa = PBXGroup;
			children = (
				6600E0842B8BB384003B2270 /* Stream.swift */,
				66C96BE62B8ECD5D0016A91B /* Video.swift */,
				66028E012B917CD200696071 /* PrivateMessage.swift */,
			);
			path = Overrides;
			sourceTree = "<group>";
		};
		6600E0872B8BB5AF003B2270 /* Controls */ = {
			isa = PBXGroup;
			children = (
				660F73A42B745D710011FD65 /* PlayerControlsView.swift */,
				6648435D2C0B6B7B00F1427C /* PlayerOverlayControlsView.swift */,
				6600E0882B8BB5E8003B2270 /* StreamableVideoStatusControlView.swift */,
				66DF455C2B8BA645006C1D99 /* VolumeSlider.swift */,
				66AFA2E32CFCBF7600491D98 /* PlayerDurationSliderView.swift */,
			);
			path = Controls;
			sourceTree = "<group>";
		};
		6600E08E2B8BC0E0003B2270 /* ViewModifiers */ = {
			isa = PBXGroup;
			children = (
				6600E08F2B8BC0FD003B2270 /* InsetBackground.swift */,
				66F105A22BA4B28E006B7ADE /* Lifecycle.swift */,
				66F105A62BA4B83A006B7ADE /* WindowTracker.swift */,
			);
			path = ViewModifiers;
			sourceTree = "<group>";
		};
		660BC1F42B9BB5B10043750C /* Window */ = {
			isa = PBXGroup;
			children = (
				66A5ADBD2B9933730025EF75 /* WindowController.swift */,
			);
			path = Window;
			sourceTree = "<group>";
		};
		66125F4E2B83B8FD002169B5 /* Subpages */ = {
			isa = PBXGroup;
			children = (
				66125F4F2B83B913002169B5 /* CategoryView.swift */,
				66125F6E2B842F82002169B5 /* ChannelView.swift */,
				66A5ADB72B96DAA20025EF75 /* LicensesView.swift */,
			);
			path = Subpages;
			sourceTree = "<group>";
		};
		66125F612B84255D002169B5 /* Channel */ = {
			isa = PBXGroup;
			children = (
				66125F682B84279A002169B5 /* ChannelButtonView.swift */,
				66125F622B8425A7002169B5 /* ChannelGridView.swift */,
			);
			path = Channel;
			sourceTree = "<group>";
		};
		663336922B75B7D40098D188 /* Extensions */ = {
			isa = PBXGroup;
			children = (
				663336932B75B7EA0098D188 /* View+WindowGeometryPreferences.swift */,
				68A872C42BACBB070031FCD4 /* View.swift */,
			);
			path = Extensions;
			sourceTree = "<group>";
		};
		66364FC22B8B9A97005180B8 /* Chat */ = {
			isa = PBXGroup;
			children = (
				6690EB9E2BA6666B0093B18C /* Model */,
				66891FF52B9A9590000C0D92 /* ChatMessage.swift */,
				660AFF6B2B93A9A60003186E /* ChatPaneView.swift */,
				66028DF82B91798C00696071 /* ChatView.swift */,
			);
			path = Chat;
			sourceTree = "<group>";
		};
		663B72EA2B6DB8E60031D661 = {
			isa = PBXGroup;
			children = (
				663B72F52B6DB8E60031D661 /* Sila */,
				662C4FE92B856F7100A84C7A /* Keys.xcconfig */,
				663B72F42B6DB8E60031D661 /* Products */,
				663B732F2B6E06860031D661 /* Frameworks */,
			);
			sourceTree = "<group>";
		};
		663B72F42B6DB8E60031D661 /* Products */ = {
			isa = PBXGroup;
			children = (
				663B72F32B6DB8E60031D661 /* Sila.app */,
			);
			name = Products;
			sourceTree = "<group>";
		};
		663B72F52B6DB8E60031D661 /* Sila */ = {
			isa = PBXGroup;
			children = (
				66F4E42A2B812A1F008C565D /* API */,
				663336922B75B7D40098D188 /* Extensions */,
				6645AFDE2BA87C6F0096BC03 /* Intents */,
				66E102242B8293DE007A44D4 /* Mocks */,
				66F4E4312B813986008C565D /* Pages */,
				66125F4E2B83B8FD002169B5 /* Subpages */,
				66F8D18E2B88580D008C4F7C /* Util */,
				660BC1F42B9BB5B10043750C /* Window */,
				66F4E4222B811B51008C565D /* View */,
				663B72FA2B6DB8E60031D661 /* SilaApp.swift */,
				663B73022B6DB8E80031D661 /* Assets.xcassets */,
				663B73072B6DB8E80031D661 /* Info.plist */,
				66A5ADBA2B97E98E0025EF75 /* Licenses.xcstrings */,
				663B73042B6DB8E80031D661 /* Preview Content */,
			);
			path = Sila;
			sourceTree = "<group>";
		};
		663B73042B6DB8E80031D661 /* Preview Content */ = {
			isa = PBXGroup;
			children = (
				663B73052B6DB8E80031D661 /* Preview Assets.xcassets */,
			);
			path = "Preview Content";
			sourceTree = "<group>";
		};
		663B73252B6DBA7F0031D661 /* TwitchVideoView */ = {
			isa = PBXGroup;
			children = (
				6600E0872B8BB5AF003B2270 /* Controls */,
				660F73A12B7446D70011FD65 /* WebViewPlayer.swift */,
				6614CD4C2B94FDA400A3EE17 /* SharedPlaybackSettings.swift */,
				66C96BEC2B900E7F0016A91B /* StreamableVideo.swift */,
				663B73262B6DBA8E0031D661 /* TwitchWebView.swift */,
				663B73222B6DB9A30031D661 /* TwitchVideoView.swift */,
				66F4E40E2B7D8FD3008C565D /* Twitch+Notification.swift */,
			);
			path = TwitchVideoView;
			sourceTree = "<group>";
		};
		663B732F2B6E06860031D661 /* Frameworks */ = {
			isa = PBXGroup;
			children = (
			);
			name = Frameworks;
			sourceTree = "<group>";
		};
		6645AFDE2BA87C6F0096BC03 /* Intents */ = {
			isa = PBXGroup;
			children = (
				6645AFE12BA90AAD0096BC03 /* Entities */,
				6645AFE42BA90C080096BC03 /* Queries */,
				6645AFEB2BAA53160096BC03 /* Util */,
				6666F3542BAA75E8009D5A29 /* CategoryStreams.swift */,
				6666F34E2BAA7119009D5A29 /* OpenApp.swift */,
				6645AFDF2BA87C890096BC03 /* OpenStreamIntent.swift */,
				6666F3482BAA6121009D5A29 /* LiveFollowingStreamsIntent.swift */,
				6666F34C2BAA6688009D5A29 /* PopularStreamsIntent.swift */,
				6645AFE92BA9153D0096BC03 /* Shortcuts.swift */,
			);
			path = Intents;
			sourceTree = "<group>";
		};
		6645AFE12BA90AAD0096BC03 /* Entities */ = {
			isa = PBXGroup;
			children = (
				6645AFE22BA90AD70096BC03 /* ChannelEntity.swift */,
				6666F3502BAA72B8009D5A29 /* StreamWrapperEntity.swift */,
			);
			path = Entities;
			sourceTree = "<group>";
		};
		6645AFE42BA90C080096BC03 /* Queries */ = {
			isa = PBXGroup;
			children = (
				6645AFE52BA90C140096BC03 /* ChannelQuery.swift */,
				6666F3522BAA7335009D5A29 /* StreamWrapperQuery.swift */,
			);
			path = Queries;
			sourceTree = "<group>";
		};
		6645AFEB2BAA53160096BC03 /* Util */ = {
			isa = PBXGroup;
			children = (
				6645AFEC2BAA532C0096BC03 /* AuthShortcut.swift */,
				6645AFE72BA910DC0096BC03 /* IntentError.swift */,
			);
			path = Util;
			sourceTree = "<group>";
		};
		6690EB9E2BA6666B0093B18C /* Model */ = {
			isa = PBXGroup;
			children = (
				6690EBA12BA667250093B18C /* CachedColors.swift */,
				6625353F2B9E01D000EBD081 /* ChatModel.swift */,
				6690EB9F2BA6667B0093B18C /* ChatMessageModel.swift */,
				66D11B512BF140C300DDD159 /* DebugChat.swift */,
			);
			path = Model;
			sourceTree = "<group>";
		};
		66C4BC312BCD97E500AA8732 /* Chat */ = {
			isa = PBXGroup;
			children = (
				66C4BC342BCD99FE00AA8732 /* Models */,
				66C4BC392BCD9C9200AA8732 /* EmoteController.swift */,
			);
			path = Chat;
			sourceTree = "<group>";
		};
		66C4BC342BCD99FE00AA8732 /* Models */ = {
			isa = PBXGroup;
			children = (
				66D11B682BF8165B00DDD159 /* BetterTTVModels.swift */,
				66C4BC372BCD9C1400AA8732 /* Emote.swift */,
				66D11B6D2BF8F2C000DDD159 /* FrankerFaceZModels.swift */,
				66C4BC322BCD97F000AA8732 /* SevenTVModels.swift */,
			);
			path = Models;
			sourceTree = "<group>";
		};
		66C96BD92B8EB1AB0016A91B /* VOD */ = {
			isa = PBXGroup;
			children = (
				66C96BE02B8EC4510016A91B /* VODButtonView.swift */,
				66C96BDA2B8EB1C00016A91B /* VODGridView.swift */,
			);
			path = VOD;
			sourceTree = "<group>";
		};
		66E102202B829332007A44D4 /* Stream */ = {
			isa = PBXGroup;
			children = (
				6690EBA52BA73CEB0093B18C /* LanguageFilterPickerView.swift */,
				66B5DD832B9FCBCC0054121D /* MatureStreamFilterView.swift */,
				66E102212B829349007A44D4 /* StreamButtonView.swift */,
				66E1022B2B82A592007A44D4 /* StreamGridView.swift */,
				66C96BE32B8ECB660016A91B /* SharedStreamButtonView.swift */,
				66B5DD842B9FCBCC0054121D /* StreamTimer.swift */,
				6677BF6F2BC2160000C71CC5 /* LanguagePickerView.swift */,
			);
			path = Stream;
			sourceTree = "<group>";
		};
		66E102242B8293DE007A44D4 /* Mocks */ = {
			isa = PBXGroup;
			children = (
				66E102252B8293EB007A44D4 /* StreamMock.swift */,
				66E102342B82D788007A44D4 /* CategoryMock.swift */,
				66125F652B84260D002169B5 /* UserMock.swift */,
				66F8D19F2B8A8F4B008C4F7C /* ChannelMock.swift */,
				66C96BDD2B8EC2D10016A91B /* VideoMock.swift */,
				66028DFE2B917AD800696071 /* PrivateMessageMock.swift */,
			);
			path = Mocks;
			sourceTree = "<group>";
		};
		66E102372B82D7FC007A44D4 /* Category */ = {
			isa = PBXGroup;
			children = (
				66E1023E2B82D8AF007A44D4 /* CategoryButtonView.swift */,
				66E1023B2B82D85B007A44D4 /* CategoryGridView.swift */,
			);
			path = Category;
			sourceTree = "<group>";
		};
		66E102442B82E3D4007A44D4 /* Navigation */ = {
			isa = PBXGroup;
			children = (
				66E102452B82E3E8007A44D4 /* Router.swift */,
				66E102482B82E496007A44D4 /* NavStack.swift */,
				66F8D1922B894253008C4F7C /* Route.swift */,
			);
			path = Navigation;
			sourceTree = "<group>";
		};
		66F4E4142B802916008C565D /* OAuth */ = {
			isa = PBXGroup;
			children = (
				66F4E4152B80292F008C565D /* OAuthWebView.swift */,
				66F4E4272B812932008C565D /* OAuthView.swift */,
				66364FB92B8ABB9C005180B8 /* APIErrorView.swift */,
			);
			path = OAuth;
			sourceTree = "<group>";
		};
		66F4E41B2B811778008C565D /* API */ = {
			isa = PBXGroup;
			children = (
				66F4E4142B802916008C565D /* OAuth */,
				66F4E41C2B811788008C565D /* AuthBadgeView.swift */,
				66F4E43C2B818499008C565D /* DataView.swift */,
				6672D37B2B8C3F7B00E9D0E9 /* NeedsLoginView.swift */,
				66E885A72B8821D9004B4B8D /* StandardDataView.swift */,
			);
			path = API;
			sourceTree = "<group>";
		};
		66F4E4222B811B51008C565D /* View */ = {
			isa = PBXGroup;
			children = (
				66F4E41B2B811778008C565D /* API */,
				66E102372B82D7FC007A44D4 /* Category */,
				66125F612B84255D002169B5 /* Channel */,
				66364FC22B8B9A97005180B8 /* Chat */,
				66E102442B82E3D4007A44D4 /* Navigation */,
				66F4E4232B811B5F008C565D /* Shared */,
				66E102202B829332007A44D4 /* Stream */,
				663B73252B6DBA7F0031D661 /* TwitchVideoView */,
				6600E08E2B8BC0E0003B2270 /* ViewModifiers */,
				66C96BD92B8EB1AB0016A91B /* VOD */,
				66F4E41F2B8118E9008C565D /* MainWindowView.swift */,
				66E1021D2B8273B0007A44D4 /* TwitchWindowView.swift */,
			);
			path = View;
			sourceTree = "<group>";
		};
		66F4E4232B811B5F008C565D /* Shared */ = {
			isa = PBXGroup;
			children = (
				66E102412B82D94D007A44D4 /* AsyncImageButtonView.swift */,
				66364FBC2B8AF629005180B8 /* CircleBackgroundLessButton.swift */,
				66F4E4242B811B6C008C565D /* CloseButtonView.swift */,
				6600E08B2B8BBBCB003B2270 /* DarkBackgroundView.swift */,
				66125F582B83CE4E002169B5 /* DefaultToolbar.swift */,
				66A5ADC02B9949C40025EF75 /* EmptyContentView.swift */,
				666E97E82B8D7085008EE950 /* EmptyDataView.swift */,
				66F8D1952B898141008C4F7C /* LoadingAsyncImage.swift */,
				66125F5B2B83D9EC002169B5 /* OrnamentPickerTabView.swift */,
				6690EBA72BA78C810093B18C /* RefreshableScrollGridView.swift */,
				66125F522B83C003002169B5 /* ScrollGridView.swift */,
				66125F552B83C88E002169B5 /* TabPage.swift */,
				66E102112B82515A007A44D4 /* TagView.swift */,
				66891FFA2B9AA058000C0D92 /* View+BackgroundTint.swift */,
				66125F5E2B83EF38002169B5 /* View+HighlightableButton.swift */,
			);
			path = Shared;
			sourceTree = "<group>";
		};
		66F4E42A2B812A1F008C565D /* API */ = {
			isa = PBXGroup;
			children = (
				66C4BC312BCD97E500AA8732 /* Chat */,
				6600E0832B8BB352003B2270 /* Overrides */,
				66F4E42B2B812A32008C565D /* AuthController.swift */,
				66E885A12B86D95C004B4B8D /* AuthStatus.swift */,
				66E1021A2B8272E3007A44D4 /* Auth+Notification.swift */,
				66E8859E2B86C646004B4B8D /* DataLoader.swift */,
			);
			path = API;
			sourceTree = "<group>";
		};
		66F4E4312B813986008C565D /* Pages */ = {
			isa = PBXGroup;
			children = (
				66E102312B82D317007A44D4 /* CategoryListView.swift */,
				66F4E4332B813A1F008C565D /* FollowedStreamsView.swift */,
				66E102282B82988A007A44D4 /* PopularView.swift */,
				66F8D1982B89A051008C4F7C /* SearchView.swift */,
				66A5ADB42B96DA160025EF75 /* SettingsView.swift */,
			);
			path = Pages;
			sourceTree = "<group>";
		};
		66F8D18E2B88580D008C4F7C /* Util */ = {
			isa = PBXGroup;
			children = (
				66891FF72B9A9E72000C0D92 /* Color.swift */,
				66F8D18F2B88581D008C4F7C /* Icon.swift */,
				6690EBA32BA73C2B0093B18C /* Language.swift */,
				66B5DD872B9FCC150054121D /* Setting.swift */,
				66F105A42BA4B3DF006B7ADE /* Task.swift */,
			);
			path = Util;
			sourceTree = "<group>";
		};
/* End PBXGroup section */

/* Begin PBXNativeTarget section */
		663B72F22B6DB8E60031D661 /* Sila */ = {
			isa = PBXNativeTarget;
			buildConfigurationList = 663B730A2B6DB8E80031D661 /* Build configuration list for PBXNativeTarget "Sila" */;
			buildPhases = (
				663B72EF2B6DB8E60031D661 /* Sources */,
				663B72F02B6DB8E60031D661 /* Frameworks */,
				663B72F12B6DB8E60031D661 /* Resources */,
			);
			buildRules = (
			);
			dependencies = (
			);
			name = Sila;
			packageProductDependencies = (
				66F4E42F2B8132F5008C565D /* Twitch */,
				66E102182B8262AC007A44D4 /* KeychainWrapper */,
				66364FC72B8BA49A005180B8 /* JunoUI */,
				663E38062B9226D3002E0530 /* Nuke */,
				663E38082B9226D3002E0530 /* NukeUI */,
				66D11B572BF2DE3800DDD159 /* AsyncAnimatedImageUI */,
				66D11B662BF5B51000DDD159 /* AsyncAnimatedImageUI */,
				66D11B6B2BF81FF200DDD159 /* AsyncAnimatedImageUI */,
			);
			productName = Sila;
			productReference = 663B72F32B6DB8E60031D661 /* Sila.app */;
			productType = "com.apple.product-type.application";
		};
/* End PBXNativeTarget section */

/* Begin PBXProject section */
		663B72EB2B6DB8E60031D661 /* Project object */ = {
			isa = PBXProject;
			attributes = {
				BuildIndependentTargetsInParallel = 1;
				LastSwiftUpdateCheck = 1520;
				LastUpgradeCheck = 1520;
				TargetAttributes = {
					663B72F22B6DB8E60031D661 = {
						CreatedOnToolsVersion = 15.2;
					};
				};
			};
			buildConfigurationList = 663B72EE2B6DB8E60031D661 /* Build configuration list for PBXProject "Sila" */;
			compatibilityVersion = "Xcode 14.0";
			developmentRegion = en;
			hasScannedForEncodings = 0;
			knownRegions = (
				en,
				Base,
			);
			mainGroup = 663B72EA2B6DB8E60031D661;
			packageReferences = (
				66F4E42E2B8132F5008C565D /* XCRemoteSwiftPackageReference "swift-twitch-client" */,
				66E102172B8262AC007A44D4 /* XCRemoteSwiftPackageReference "KeychainWrapper" */,
				66364FC62B8BA499005180B8 /* XCRemoteSwiftPackageReference "JunoSlider" */,
				663E38052B9226D3002E0530 /* XCRemoteSwiftPackageReference "Nuke" */,
				66D11B6A2BF81FF200DDD159 /* XCRemoteSwiftPackageReference "AsyncAnimatedImage" */,
			);
			productRefGroup = 663B72F42B6DB8E60031D661 /* Products */;
			projectDirPath = "";
			projectRoot = "";
			targets = (
				663B72F22B6DB8E60031D661 /* Sila */,
			);
		};
/* End PBXProject section */

/* Begin PBXResourcesBuildPhase section */
		663B72F12B6DB8E60031D661 /* Resources */ = {
			isa = PBXResourcesBuildPhase;
			buildActionMask = 2147483647;
			files = (
				663B73032B6DB8E80031D661 /* Assets.xcassets in Resources */,
				663B73062B6DB8E80031D661 /* Preview Assets.xcassets in Resources */,
				66A5ADBB2B97E98E0025EF75 /* Licenses.xcstrings in Resources */,
			);
			runOnlyForDeploymentPostprocessing = 0;
		};
/* End PBXResourcesBuildPhase section */

/* Begin PBXSourcesBuildPhase section */
		663B72EF2B6DB8E60031D661 /* Sources */ = {
			isa = PBXSourcesBuildPhase;
			buildActionMask = 2147483647;
			files = (
				66364FBA2B8ABB9C005180B8 /* APIErrorView.swift in Sources */,
				663336942B75B7EA0098D188 /* View+WindowGeometryPreferences.swift in Sources */,
				6645AFE32BA90AD70096BC03 /* ChannelEntity.swift in Sources */,
				6600E08C2B8BBBCB003B2270 /* DarkBackgroundView.swift in Sources */,
				66D11B692BF8165B00DDD159 /* BetterTTVModels.swift in Sources */,
				66B5DD862B9FCBCC0054121D /* StreamTimer.swift in Sources */,
				66E102422B82D94E007A44D4 /* AsyncImageButtonView.swift in Sources */,
				66F4E43D2B818499008C565D /* DataView.swift in Sources */,
				6648435E2C0B6B7B00F1427C /* PlayerOverlayControlsView.swift in Sources */,
				663B73272B6DBA8E0031D661 /* TwitchWebView.swift in Sources */,
				6600E0902B8BC0FD003B2270 /* InsetBackground.swift in Sources */,
				66028DF92B91798C00696071 /* ChatView.swift in Sources */,
				6666F34F2BAA7119009D5A29 /* OpenApp.swift in Sources */,
				660F73A52B745D710011FD65 /* PlayerControlsView.swift in Sources */,
				66B5DD882B9FCC150054121D /* Setting.swift in Sources */,
				66C96BE72B8ECD5D0016A91B /* Video.swift in Sources */,
				66125F5C2B83D9EC002169B5 /* OrnamentPickerTabView.swift in Sources */,
				66F4E4252B811B6C008C565D /* CloseButtonView.swift in Sources */,
				66E102492B82E496007A44D4 /* NavStack.swift in Sources */,
				66125F592B83CE4E002169B5 /* DefaultToolbar.swift in Sources */,
				66E885A22B86D95C004B4B8D /* AuthStatus.swift in Sources */,
				66125F562B83C88E002169B5 /* TabPage.swift in Sources */,
				66F4E42C2B812A32008C565D /* AuthController.swift in Sources */,
				66028E022B917CD200696071 /* PrivateMessage.swift in Sources */,
				66C96BE42B8ECB660016A91B /* SharedStreamButtonView.swift in Sources */,
				66891FF62B9A9590000C0D92 /* ChatMessage.swift in Sources */,
				66125F632B8425A7002169B5 /* ChannelGridView.swift in Sources */,
				66E1023F2B82D8AF007A44D4 /* CategoryButtonView.swift in Sources */,
				66F105A52BA4B3DF006B7ADE /* Task.swift in Sources */,
				66364FBD2B8AF629005180B8 /* CircleBackgroundLessButton.swift in Sources */,
				662535402B9E01D000EBD081 /* ChatModel.swift in Sources */,
				66F4E4342B813A1F008C565D /* FollowedStreamsView.swift in Sources */,
				66891FFB2B9AA058000C0D92 /* View+BackgroundTint.swift in Sources */,
				66891FF82B9A9E72000C0D92 /* Color.swift in Sources */,
				6600E0892B8BB5E8003B2270 /* StreamableVideoStatusControlView.swift in Sources */,
				6666F3552BAA75E8009D5A29 /* CategoryStreams.swift in Sources */,
				66F8D1A02B8A8F4B008C4F7C /* ChannelMock.swift in Sources */,
				66F8D1932B894253008C4F7C /* Route.swift in Sources */,
				66A5ADC12B9949C40025EF75 /* EmptyContentView.swift in Sources */,
				66E1022C2B82A592007A44D4 /* StreamGridView.swift in Sources */,
				66C4BC382BCD9C1400AA8732 /* Emote.swift in Sources */,
				66C96BE12B8EC4510016A91B /* VODButtonView.swift in Sources */,
				66E102352B82D788007A44D4 /* CategoryMock.swift in Sources */,
				6690EBA82BA78C810093B18C /* RefreshableScrollGridView.swift in Sources */,
				666E97E92B8D7085008EE950 /* EmptyDataView.swift in Sources */,
				66C96BDE2B8EC2D10016A91B /* VideoMock.swift in Sources */,
				66125F692B84279A002169B5 /* ChannelButtonView.swift in Sources */,
				66D11B522BF140C300DDD159 /* DebugChat.swift in Sources */,
				66C4BC3A2BCD9C9200AA8732 /* EmoteController.swift in Sources */,
				66125F532B83C003002169B5 /* ScrollGridView.swift in Sources */,
				66E102262B8293EB007A44D4 /* StreamMock.swift in Sources */,
				66A5ADB82B96DAA20025EF75 /* LicensesView.swift in Sources */,
				6645AFE02BA87C890096BC03 /* OpenStreamIntent.swift in Sources */,
				660F73A22B7446D70011FD65 /* WebViewPlayer.swift in Sources */,
				6645AFED2BAA532C0096BC03 /* AuthShortcut.swift in Sources */,
				6600E0852B8BB384003B2270 /* Stream.swift in Sources */,
				6614CD4D2B94FDA400A3EE17 /* SharedPlaybackSettings.swift in Sources */,
				66E102122B82515A007A44D4 /* TagView.swift in Sources */,
				66F8D1962B898141008C4F7C /* LoadingAsyncImage.swift in Sources */,
				6666F3532BAA7335009D5A29 /* StreamWrapperQuery.swift in Sources */,
				66A5ADB52B96DA160025EF75 /* SettingsView.swift in Sources */,
				66E102462B82E3E8007A44D4 /* Router.swift in Sources */,
				66DF455D2B8BA645006C1D99 /* VolumeSlider.swift in Sources */,
				663B73232B6DB9A30031D661 /* TwitchVideoView.swift in Sources */,
				66E1023C2B82D85B007A44D4 /* CategoryGridView.swift in Sources */,
				663B72FB2B6DB8E60031D661 /* SilaApp.swift in Sources */,
				660AFF6C2B93A9A60003186E /* ChatPaneView.swift in Sources */,
				66F105A72BA4B83A006B7ADE /* WindowTracker.swift in Sources */,
				68A872C52BACBB070031FCD4 /* View.swift in Sources */,
				6645AFE62BA90C140096BC03 /* ChannelQuery.swift in Sources */,
				6677BF702BC2160000C71CC5 /* LanguagePickerView.swift in Sources */,
				66F4E40F2B7D8FD3008C565D /* Twitch+Notification.swift in Sources */,
				6690EBA22BA667250093B18C /* CachedColors.swift in Sources */,
				6666F3512BAA72B8009D5A29 /* StreamWrapperEntity.swift in Sources */,
				66E1021E2B8273B0007A44D4 /* TwitchWindowView.swift in Sources */,
				6666F3492BAA6121009D5A29 /* LiveFollowingStreamsIntent.swift in Sources */,
				66E102222B829349007A44D4 /* StreamButtonView.swift in Sources */,
				66F105A32BA4B28E006B7ADE /* Lifecycle.swift in Sources */,
				66C96BED2B900E7F0016A91B /* StreamableVideo.swift in Sources */,
				66F4E4282B812932008C565D /* OAuthView.swift in Sources */,
				66E102292B82988A007A44D4 /* PopularView.swift in Sources */,
				6666F34D2BAA6688009D5A29 /* PopularStreamsIntent.swift in Sources */,
				66125F6F2B842F82002169B5 /* ChannelView.swift in Sources */,
				66F8D1902B88581D008C4F7C /* Icon.swift in Sources */,
				66E102322B82D317007A44D4 /* CategoryListView.swift in Sources */,
				6690EBA62BA73CEB0093B18C /* LanguageFilterPickerView.swift in Sources */,
				66E1021B2B8272E3007A44D4 /* Auth+Notification.swift in Sources */,
				6645AFE82BA910DC0096BC03 /* IntentError.swift in Sources */,
				66A5ADBE2B9933730025EF75 /* WindowController.swift in Sources */,
				66B5DD852B9FCBCC0054121D /* MatureStreamFilterView.swift in Sources */,
				66AFA2E42CFCBF7600491D98 /* PlayerDurationSliderView.swift in Sources */,
				66125F502B83B913002169B5 /* CategoryView.swift in Sources */,
				66F8D1992B89A051008C4F7C /* SearchView.swift in Sources */,
				66028DFF2B917AD800696071 /* PrivateMessageMock.swift in Sources */,
				66C4BC332BCD97F000AA8732 /* SevenTVModels.swift in Sources */,
				66C96BDB2B8EB1C00016A91B /* VODGridView.swift in Sources */,
				66F4E4162B80292F008C565D /* OAuthWebView.swift in Sources */,
				6690EBA42BA73C2B0093B18C /* Language.swift in Sources */,
				66F4E4202B8118E9008C565D /* MainWindowView.swift in Sources */,
				66F4E41D2B811788008C565D /* AuthBadgeView.swift in Sources */,
				66125F5F2B83EF38002169B5 /* View+HighlightableButton.swift in Sources */,
				6672D37C2B8C3F7B00E9D0E9 /* NeedsLoginView.swift in Sources */,
				66E8859F2B86C646004B4B8D /* DataLoader.swift in Sources */,
				66E885A82B8821D9004B4B8D /* StandardDataView.swift in Sources */,
				66125F662B84260D002169B5 /* UserMock.swift in Sources */,
				6690EBA02BA6667B0093B18C /* ChatMessageModel.swift in Sources */,
				6645AFEA2BA9153D0096BC03 /* Shortcuts.swift in Sources */,
				66D11B6E2BF8F2C000DDD159 /* FrankerFaceZModels.swift in Sources */,
			);
			runOnlyForDeploymentPostprocessing = 0;
		};
/* End PBXSourcesBuildPhase section */

/* Begin XCBuildConfiguration section */
		663B73082B6DB8E80031D661 /* Debug */ = {
			isa = XCBuildConfiguration;
			baseConfigurationReference = 662C4FE92B856F7100A84C7A /* Keys.xcconfig */;
			buildSettings = {
				ALWAYS_SEARCH_USER_PATHS = NO;
				ASSETCATALOG_COMPILER_GENERATE_SWIFT_ASSET_SYMBOL_EXTENSIONS = YES;
				CLANG_ANALYZER_NONNULL = YES;
				CLANG_ANALYZER_NUMBER_OBJECT_CONVERSION = YES_AGGRESSIVE;
				CLANG_CXX_LANGUAGE_STANDARD = "gnu++20";
				CLANG_ENABLE_MODULES = YES;
				CLANG_ENABLE_OBJC_ARC = YES;
				CLANG_ENABLE_OBJC_WEAK = YES;
				CLANG_WARN_BLOCK_CAPTURE_AUTORELEASING = YES;
				CLANG_WARN_BOOL_CONVERSION = YES;
				CLANG_WARN_COMMA = YES;
				CLANG_WARN_CONSTANT_CONVERSION = YES;
				CLANG_WARN_DEPRECATED_OBJC_IMPLEMENTATIONS = YES;
				CLANG_WARN_DIRECT_OBJC_ISA_USAGE = YES_ERROR;
				CLANG_WARN_DOCUMENTATION_COMMENTS = YES;
				CLANG_WARN_EMPTY_BODY = YES;
				CLANG_WARN_ENUM_CONVERSION = YES;
				CLANG_WARN_INFINITE_RECURSION = YES;
				CLANG_WARN_INT_CONVERSION = YES;
				CLANG_WARN_NON_LITERAL_NULL_CONVERSION = YES;
				CLANG_WARN_OBJC_IMPLICIT_RETAIN_SELF = YES;
				CLANG_WARN_OBJC_LITERAL_CONVERSION = YES;
				CLANG_WARN_OBJC_ROOT_CLASS = YES_ERROR;
				CLANG_WARN_QUOTED_INCLUDE_IN_FRAMEWORK_HEADER = YES;
				CLANG_WARN_RANGE_LOOP_ANALYSIS = YES;
				CLANG_WARN_STRICT_PROTOTYPES = YES;
				CLANG_WARN_SUSPICIOUS_MOVE = YES;
				CLANG_WARN_UNGUARDED_AVAILABILITY = YES_AGGRESSIVE;
				CLANG_WARN_UNREACHABLE_CODE = YES;
				CLANG_WARN__DUPLICATE_METHOD_MATCH = YES;
				COPY_PHASE_STRIP = NO;
				DEBUG_INFORMATION_FORMAT = dwarf;
				ENABLE_STRICT_OBJC_MSGSEND = YES;
				ENABLE_TESTABILITY = YES;
				ENABLE_USER_SCRIPT_SANDBOXING = YES;
				GCC_C_LANGUAGE_STANDARD = gnu17;
				GCC_DYNAMIC_NO_PIC = NO;
				GCC_NO_COMMON_BLOCKS = YES;
				GCC_OPTIMIZATION_LEVEL = 0;
				GCC_PREPROCESSOR_DEFINITIONS = (
					"DEBUG=1",
					"$(inherited)",
				);
				GCC_WARN_64_TO_32_BIT_CONVERSION = YES;
				GCC_WARN_ABOUT_RETURN_TYPE = YES_ERROR;
				GCC_WARN_UNDECLARED_SELECTOR = YES;
				GCC_WARN_UNINITIALIZED_AUTOS = YES_AGGRESSIVE;
				GCC_WARN_UNUSED_FUNCTION = YES;
				GCC_WARN_UNUSED_VARIABLE = YES;
				LOCALIZATION_PREFERS_STRING_CATALOGS = YES;
				MTL_ENABLE_DEBUG_INFO = INCLUDE_SOURCE;
				MTL_FAST_MATH = YES;
				ONLY_ACTIVE_ARCH = YES;
				SDKROOT = xros;
				SWIFT_ACTIVE_COMPILATION_CONDITIONS = "DEBUG $(inherited)";
				SWIFT_OPTIMIZATION_LEVEL = "-Onone";
				XROS_DEPLOYMENT_TARGET = 1.0;
			};
			name = Debug;
		};
		663B73092B6DB8E80031D661 /* Release */ = {
			isa = XCBuildConfiguration;
			baseConfigurationReference = 662C4FE92B856F7100A84C7A /* Keys.xcconfig */;
			buildSettings = {
				ALWAYS_SEARCH_USER_PATHS = NO;
				ASSETCATALOG_COMPILER_GENERATE_SWIFT_ASSET_SYMBOL_EXTENSIONS = YES;
				CLANG_ANALYZER_NONNULL = YES;
				CLANG_ANALYZER_NUMBER_OBJECT_CONVERSION = YES_AGGRESSIVE;
				CLANG_CXX_LANGUAGE_STANDARD = "gnu++20";
				CLANG_ENABLE_MODULES = YES;
				CLANG_ENABLE_OBJC_ARC = YES;
				CLANG_ENABLE_OBJC_WEAK = YES;
				CLANG_WARN_BLOCK_CAPTURE_AUTORELEASING = YES;
				CLANG_WARN_BOOL_CONVERSION = YES;
				CLANG_WARN_COMMA = YES;
				CLANG_WARN_CONSTANT_CONVERSION = YES;
				CLANG_WARN_DEPRECATED_OBJC_IMPLEMENTATIONS = YES;
				CLANG_WARN_DIRECT_OBJC_ISA_USAGE = YES_ERROR;
				CLANG_WARN_DOCUMENTATION_COMMENTS = YES;
				CLANG_WARN_EMPTY_BODY = YES;
				CLANG_WARN_ENUM_CONVERSION = YES;
				CLANG_WARN_INFINITE_RECURSION = YES;
				CLANG_WARN_INT_CONVERSION = YES;
				CLANG_WARN_NON_LITERAL_NULL_CONVERSION = YES;
				CLANG_WARN_OBJC_IMPLICIT_RETAIN_SELF = YES;
				CLANG_WARN_OBJC_LITERAL_CONVERSION = YES;
				CLANG_WARN_OBJC_ROOT_CLASS = YES_ERROR;
				CLANG_WARN_QUOTED_INCLUDE_IN_FRAMEWORK_HEADER = YES;
				CLANG_WARN_RANGE_LOOP_ANALYSIS = YES;
				CLANG_WARN_STRICT_PROTOTYPES = YES;
				CLANG_WARN_SUSPICIOUS_MOVE = YES;
				CLANG_WARN_UNGUARDED_AVAILABILITY = YES_AGGRESSIVE;
				CLANG_WARN_UNREACHABLE_CODE = YES;
				CLANG_WARN__DUPLICATE_METHOD_MATCH = YES;
				COPY_PHASE_STRIP = NO;
				DEBUG_INFORMATION_FORMAT = "dwarf-with-dsym";
				ENABLE_NS_ASSERTIONS = NO;
				ENABLE_STRICT_OBJC_MSGSEND = YES;
				ENABLE_USER_SCRIPT_SANDBOXING = YES;
				GCC_C_LANGUAGE_STANDARD = gnu17;
				GCC_NO_COMMON_BLOCKS = YES;
				GCC_WARN_64_TO_32_BIT_CONVERSION = YES;
				GCC_WARN_ABOUT_RETURN_TYPE = YES_ERROR;
				GCC_WARN_UNDECLARED_SELECTOR = YES;
				GCC_WARN_UNINITIALIZED_AUTOS = YES_AGGRESSIVE;
				GCC_WARN_UNUSED_FUNCTION = YES;
				GCC_WARN_UNUSED_VARIABLE = YES;
				LOCALIZATION_PREFERS_STRING_CATALOGS = YES;
				MTL_ENABLE_DEBUG_INFO = NO;
				MTL_FAST_MATH = YES;
				SDKROOT = xros;
				SWIFT_COMPILATION_MODE = wholemodule;
				VALIDATE_PRODUCT = YES;
				XROS_DEPLOYMENT_TARGET = 1.0;
			};
			name = Release;
		};
		663B730B2B6DB8E80031D661 /* Debug */ = {
			isa = XCBuildConfiguration;
			buildSettings = {
				ASSETCATALOG_COMPILER_APPICON_NAME = AppIcon;
				ASSETCATALOG_COMPILER_GLOBAL_ACCENT_COLOR_NAME = AccentColor;
				CODE_SIGN_IDENTITY = "Apple Development";
				CODE_SIGN_STYLE = Automatic;
				CURRENT_PROJECT_VERSION = 1;
				DEVELOPMENT_ASSET_PATHS = "\"Sila/Preview Content\"";
				DEVELOPMENT_TEAM = 58JLRGUCJQ;
				ENABLE_PREVIEWS = YES;
				GENERATE_INFOPLIST_FILE = YES;
				INFOPLIST_FILE = "$(TARGET_NAME)/Info.plist";
				INFOPLIST_KEY_CFBundleDisplayName = "Sila for Twitch";
				INFOPLIST_KEY_LSApplicationCategoryType = "public.app-category.entertainment";
				LD_RUNPATH_SEARCH_PATHS = (
					"$(inherited)",
					"@executable_path/Frameworks",
				);
				MARKETING_VERSION = 1.2;
				PRODUCT_BUNDLE_IDENTIFIER = im.agg.Sila;
				PRODUCT_NAME = "$(TARGET_NAME)";
				PROVISIONING_PROFILE_SPECIFIER = "";
				SUPPORTED_PLATFORMS = "xros xrsimulator";
				SWIFT_ACTIVE_COMPILATION_CONDITIONS = "DEBUG $(inherited) VOD_ENABLED";
				SWIFT_EMIT_LOC_STRINGS = YES;
				SWIFT_VERSION = 5.0;
				TARGETED_DEVICE_FAMILY = "1,2,7";
			};
			name = Debug;
		};
		663B730C2B6DB8E80031D661 /* Release */ = {
			isa = XCBuildConfiguration;
			buildSettings = {
				ASSETCATALOG_COMPILER_APPICON_NAME = AppIcon;
				ASSETCATALOG_COMPILER_GLOBAL_ACCENT_COLOR_NAME = AccentColor;
				CODE_SIGN_IDENTITY = "Apple Development";
				CODE_SIGN_STYLE = Automatic;
				CURRENT_PROJECT_VERSION = 1;
				DEVELOPMENT_ASSET_PATHS = "\"Sila/Preview Content\"";
				DEVELOPMENT_TEAM = 58JLRGUCJQ;
				ENABLE_PREVIEWS = YES;
				GENERATE_INFOPLIST_FILE = YES;
				INFOPLIST_FILE = "$(TARGET_NAME)/Info.plist";
				INFOPLIST_KEY_CFBundleDisplayName = "Sila for Twitch";
				INFOPLIST_KEY_LSApplicationCategoryType = "public.app-category.entertainment";
				LD_RUNPATH_SEARCH_PATHS = (
					"$(inherited)",
					"@executable_path/Frameworks",
				);
				MARKETING_VERSION = 1.2;
				PRODUCT_BUNDLE_IDENTIFIER = im.agg.Sila;
				PRODUCT_NAME = "$(TARGET_NAME)";
				PROVISIONING_PROFILE_SPECIFIER = "";
				SUPPORTED_PLATFORMS = "xros xrsimulator";
				"SWIFT_ACTIVE_COMPILATION_CONDITIONS[arch=*]" = VOD_ENABLED;
				SWIFT_EMIT_LOC_STRINGS = YES;
				SWIFT_VERSION = 5.0;
				TARGETED_DEVICE_FAMILY = "1,2,7";
			};
			name = Release;
		};
/* End XCBuildConfiguration section */

/* Begin XCConfigurationList section */
		663B72EE2B6DB8E60031D661 /* Build configuration list for PBXProject "Sila" */ = {
			isa = XCConfigurationList;
			buildConfigurations = (
				663B73082B6DB8E80031D661 /* Debug */,
				663B73092B6DB8E80031D661 /* Release */,
			);
			defaultConfigurationIsVisible = 0;
			defaultConfigurationName = Release;
		};
		663B730A2B6DB8E80031D661 /* Build configuration list for PBXNativeTarget "Sila" */ = {
			isa = XCConfigurationList;
			buildConfigurations = (
				663B730B2B6DB8E80031D661 /* Debug */,
				663B730C2B6DB8E80031D661 /* Release */,
			);
			defaultConfigurationIsVisible = 0;
			defaultConfigurationName = Release;
		};
/* End XCConfigurationList section */

/* Begin XCRemoteSwiftPackageReference section */
		66364FC62B8BA499005180B8 /* XCRemoteSwiftPackageReference "JunoSlider" */ = {
			isa = XCRemoteSwiftPackageReference;
			repositoryURL = "https://github.com/christianselig/JunoSlider.git";
			requirement = {
				kind = upToNextMajorVersion;
				minimumVersion = 1.0.0;
			};
		};
		663E38052B9226D3002E0530 /* XCRemoteSwiftPackageReference "Nuke" */ = {
			isa = XCRemoteSwiftPackageReference;
			repositoryURL = "https://github.com/kean/Nuke.git";
			requirement = {
				kind = upToNextMajorVersion;
				minimumVersion = 12.4.0;
			};
		};
		66D11B6A2BF81FF200DDD159 /* XCRemoteSwiftPackageReference "AsyncAnimatedImage" */ = {
			isa = XCRemoteSwiftPackageReference;
			repositoryURL = "https://github.com/agg23/AsyncAnimatedImage.git";
			requirement = {
				branch = main;
				kind = branch;
			};
		};
		66E102172B8262AC007A44D4 /* XCRemoteSwiftPackageReference "KeychainWrapper" */ = {
			isa = XCRemoteSwiftPackageReference;
			repositoryURL = "https://github.com/puretears/KeychainWrapper.git";
			requirement = {
				kind = upToNextMajorVersion;
				minimumVersion = 1.2.1;
			};
		};
		66F4E42E2B8132F5008C565D /* XCRemoteSwiftPackageReference "swift-twitch-client" */ = {
			isa = XCRemoteSwiftPackageReference;
			repositoryURL = "https://github.com/agg23/swift-twitch-client";
			requirement = {
				branch = main;
				kind = branch;
			};
		};
/* End XCRemoteSwiftPackageReference section */

/* Begin XCSwiftPackageProductDependency section */
		66364FC72B8BA49A005180B8 /* JunoUI */ = {
			isa = XCSwiftPackageProductDependency;
			package = 66364FC62B8BA499005180B8 /* XCRemoteSwiftPackageReference "JunoSlider" */;
			productName = JunoUI;
		};
		663E38062B9226D3002E0530 /* Nuke */ = {
			isa = XCSwiftPackageProductDependency;
			package = 663E38052B9226D3002E0530 /* XCRemoteSwiftPackageReference "Nuke" */;
			productName = Nuke;
		};
		663E38082B9226D3002E0530 /* NukeUI */ = {
			isa = XCSwiftPackageProductDependency;
			package = 663E38052B9226D3002E0530 /* XCRemoteSwiftPackageReference "Nuke" */;
			productName = NukeUI;
		};
		66D11B572BF2DE3800DDD159 /* AsyncAnimatedImageUI */ = {
			isa = XCSwiftPackageProductDependency;
			productName = AsyncAnimatedImageUI;
		};
		66D11B662BF5B51000DDD159 /* AsyncAnimatedImageUI */ = {
			isa = XCSwiftPackageProductDependency;
			productName = AsyncAnimatedImageUI;
		};
		66D11B6B2BF81FF200DDD159 /* AsyncAnimatedImageUI */ = {
			isa = XCSwiftPackageProductDependency;
			package = 66D11B6A2BF81FF200DDD159 /* XCRemoteSwiftPackageReference "AsyncAnimatedImage" */;
			productName = AsyncAnimatedImageUI;
		};
		66E102182B8262AC007A44D4 /* KeychainWrapper */ = {
			isa = XCSwiftPackageProductDependency;
			package = 66E102172B8262AC007A44D4 /* XCRemoteSwiftPackageReference "KeychainWrapper" */;
			productName = KeychainWrapper;
		};
		66F4E42F2B8132F5008C565D /* Twitch */ = {
			isa = XCSwiftPackageProductDependency;
			package = 66F4E42E2B8132F5008C565D /* XCRemoteSwiftPackageReference "swift-twitch-client" */;
			productName = Twitch;
		};
/* End XCSwiftPackageProductDependency section */
	};
	rootObject = 663B72EB2B6DB8E60031D661 /* Project object */;
}
