{
  "originHash" : "0d048c96c3410d55581d6e7ab46e2b8ec7acf77b301abb8d892c4dd4ebce663b",
  "pins" : [
    {
      "identity" : "asyncanimatedimage",
      "kind" : "remoteSourceControl",
      "location" : "https://github.com/agg23/AsyncAnimatedImage.git",
      "state" : {
        "branch" : "main",
        "revision" : "78e4102220ed4e614d52e488efc023ee4023e0da"
      }
    },
    {
      "identity" : "junoslider",
      "kind" : "remoteSourceControl",
      "location" : "https://github.com/christianselig/JunoSlider.git",
      "state" : {
        "revision" : "c7c9967c0107b3753bf45f23babba7f94d82a684",
        "version" : "1.0.0"
      }
    },
    {
      "identity" : "keychainwrapper",
      "kind" : "remoteSourceControl",
      "location" : "https://github.com/puretears/KeychainWrapper.git",
      "state" : {
        "revision" : "e72bc3256b2f830750f1c0080bccc3058f866f3b",
        "version" : "1.2.1"
      }
    },
    {
      "identity" : "nuke",
      "kind" : "remoteSourceControl",
      "location" : "https://github.com/kean/Nuke.git",
      "state" : {
        "revision" : "0ead44350d2737db384908569c012fe67c421e4d",
        "version" : "12.8.0"
      }
    },
    {
      "identity" : "swift-memberwise-init-macro",
      "kind" : "remoteSourceControl",
      "location" : "https://github.com/gohanlon/swift-memberwise-init-macro",
      "state" : {
        "revision" : "47a2bdf45f1567e7324438f8482e362ee1c3fb44",
        "version" : "0.5.2"
      }
    },
    {
      "identity" : "swift-syntax",
      "kind" : "remoteSourceControl",
      "location" : "https://github.com/swiftlang/swift-syntax",
      "state" : {
        "revision" : "0687f71944021d616d34d922343dcef086855920",
        "version" : "600.0.1"
      }
    },
    {
      "identity" : "swift-twitch-client",
      "kind" : "remoteSourceControl",
      "location" : "https://github.com/agg23/swift-twitch-client",
      "state" : {
        "branch" : "main",
        "revision" : "7d8a082b4982ecf6650380930adda861fa1f3c25"
      }
    },
    {
      "identity" : "twitchirc",
      "kind" : "remoteSourceControl",
      "location" : "https://github.com/MahdiBM/TwitchIRC",
      "state" : {
        "revision" : "036f70385fe4f6d30ad2634699eb1e8e00b52087",
        "version" : "1.6.0"
      }
    },
    {
      "identity" : "uiimagecolors",
      "kind" : "remoteSourceControl",
      "location" : "https://github.com/jathu/UIImageColors.git",
      "state" : {
        "revision" : "e49e6c32ea556e9fa0109dc79686bea4a10d41a2",
        "version" : "2.2.0"
      }
    }
  ],
  "version" : 3
}
