// !$*UTF8*$!
{
	archiveVersion = 1;
	classes = {
	};
	objectVersion = 56;
	objects = {

/* Begin PBXBuildFile section */
		660F73A22B7446D70011FD65 /* WebViewPlayer.swift in Sources */ = {isa = PBXBuildFile; fileRef = 660F73A12B7446D70011FD65 /* WebViewPlayer.swift */; };
		660F73A32B7446D70011FD65 /* WebViewPlayer.swift in Sources */ = {isa = PBXBuildFile; fileRef = 660F73A12B7446D70011FD65 /* WebViewPlayer.swift */; };
		660F73A52B745D710011FD65 /* PlayerControlsView.swift in Sources */ = {isa = PBXBuildFile; fileRef = 660F73A42B745D710011FD65 /* PlayerControlsView.swift */; };
		660F73A62B745D710011FD65 /* PlayerControlsView.swift in Sources */ = {isa = PBXBuildFile; fileRef = 660F73A42B745D710011FD65 /* PlayerControlsView.swift */; };
		660F73A82B7464470011FD65 /* ChatWebView.swift in Sources */ = {isa = PBXBuildFile; fileRef = 660F73A72B7464470011FD65 /* ChatWebView.swift */; };
		660F73A92B7464470011FD65 /* ChatWebView.swift in Sources */ = {isa = PBXBuildFile; fileRef = 660F73A72B7464470011FD65 /* ChatWebView.swift */; };
		663336942B75B7EA0098D188 /* View+WindowGeometryPreferences.swift in Sources */ = {isa = PBXBuildFile; fileRef = 663336932B75B7EA0098D188 /* View+WindowGeometryPreferences.swift */; };
		663336952B75B7EA0098D188 /* View+WindowGeometryPreferences.swift in Sources */ = {isa = PBXBuildFile; fileRef = 663336932B75B7EA0098D188 /* View+WindowGeometryPreferences.swift */; };
		6633369C2B75BAB60098D188 /* AssetSelectionView.swift in Sources */ = {isa = PBXBuildFile; fileRef = 6633369B2B75BAB60098D188 /* AssetSelectionView.swift */; };
		6633369D2B75BAB60098D188 /* AssetSelectionView.swift in Sources */ = {isa = PBXBuildFile; fileRef = 6633369B2B75BAB60098D188 /* AssetSelectionView.swift */; };
		663B72F92B6DB8E60031D661 /* RealityKitContent in Frameworks */ = {isa = PBXBuildFile; productRef = 663B72F82B6DB8E60031D661 /* RealityKitContent */; };
		663B72FB2B6DB8E60031D661 /* VisionTwitchApp.swift in Sources */ = {isa = PBXBuildFile; fileRef = 663B72FA2B6DB8E60031D661 /* VisionTwitchApp.swift */; };
		663B72FF2B6DB8E60031D661 /* ImmersiveView.swift in Sources */ = {isa = PBXBuildFile; fileRef = 663B72FE2B6DB8E60031D661 /* ImmersiveView.swift */; };
		663B73012B6DB8E60031D661 /* ImageBasedLighting.skybox in Resources */ = {isa = PBXBuildFile; fileRef = 663B73002B6DB8E60031D661 /* ImageBasedLighting.skybox */; };
		663B73032B6DB8E80031D661 /* Assets.xcassets in Resources */ = {isa = PBXBuildFile; fileRef = 663B73022B6DB8E80031D661 /* Assets.xcassets */; };
		663B73062B6DB8E80031D661 /* Preview Assets.xcassets in Resources */ = {isa = PBXBuildFile; fileRef = 663B73052B6DB8E80031D661 /* Preview Assets.xcassets */; };
		663B73142B6DB9410031D661 /* VisionTwitchiOSApp.swift in Sources */ = {isa = PBXBuildFile; fileRef = 663B73132B6DB9410031D661 /* VisionTwitchiOSApp.swift */; };
		663B73162B6DB9410031D661 /* ContentView.swift in Sources */ = {isa = PBXBuildFile; fileRef = 663B73152B6DB9410031D661 /* ContentView.swift */; };
		663B73182B6DB9430031D661 /* Assets.xcassets in Resources */ = {isa = PBXBuildFile; fileRef = 663B73172B6DB9430031D661 /* Assets.xcassets */; };
		663B731B2B6DB9430031D661 /* Preview Assets.xcassets in Resources */ = {isa = PBXBuildFile; fileRef = 663B731A2B6DB9430031D661 /* Preview Assets.xcassets */; };
		663B73232B6DB9A30031D661 /* TwitchVideoView.swift in Sources */ = {isa = PBXBuildFile; fileRef = 663B73222B6DB9A30031D661 /* TwitchVideoView.swift */; };
		663B73242B6DB9A30031D661 /* TwitchVideoView.swift in Sources */ = {isa = PBXBuildFile; fileRef = 663B73222B6DB9A30031D661 /* TwitchVideoView.swift */; };
		663B73272B6DBA8E0031D661 /* TwitchWebView.swift in Sources */ = {isa = PBXBuildFile; fileRef = 663B73262B6DBA8E0031D661 /* TwitchWebView.swift */; };
		663B73282B6DBA8E0031D661 /* TwitchWebView.swift in Sources */ = {isa = PBXBuildFile; fileRef = 663B73262B6DBA8E0031D661 /* TwitchWebView.swift */; };
		663B732A2B6DBB150031D661 /* index.html in Resources */ = {isa = PBXBuildFile; fileRef = 663B73292B6DBB150031D661 /* index.html */; };
		663B732B2B6DBB150031D661 /* index.html in Resources */ = {isa = PBXBuildFile; fileRef = 663B73292B6DBB150031D661 /* index.html */; };
		663B732E2B6E066D0031D661 /* Swifter in Frameworks */ = {isa = PBXBuildFile; productRef = 663B732D2B6E066D0031D661 /* Swifter */; };
		663B73312B6E06860031D661 /* Swifter in Frameworks */ = {isa = PBXBuildFile; productRef = 663B73302B6E06860031D661 /* Swifter */; };
		663B73342B6E86B00031D661 /* FlyingFox in Frameworks */ = {isa = PBXBuildFile; productRef = 663B73332B6E86B00031D661 /* FlyingFox */; };
		66E102122B82515A007A44D4 /* TagView.swift in Sources */ = {isa = PBXBuildFile; fileRef = 66E102112B82515A007A44D4 /* TagView.swift */; };
		66E102132B82515A007A44D4 /* TagView.swift in Sources */ = {isa = PBXBuildFile; fileRef = 66E102112B82515A007A44D4 /* TagView.swift */; };
		66F4E40F2B7D8FD3008C565D /* Twitch+Notification.swift in Sources */ = {isa = PBXBuildFile; fileRef = 66F4E40E2B7D8FD3008C565D /* Twitch+Notification.swift */; };
		66F4E4102B7D8FD3008C565D /* Twitch+Notification.swift in Sources */ = {isa = PBXBuildFile; fileRef = 66F4E40E2B7D8FD3008C565D /* Twitch+Notification.swift */; };
		66F4E4162B80292F008C565D /* OAuthWebView.swift in Sources */ = {isa = PBXBuildFile; fileRef = 66F4E4152B80292F008C565D /* OAuthWebView.swift */; };
		66F4E4172B80292F008C565D /* OAuthWebView.swift in Sources */ = {isa = PBXBuildFile; fileRef = 66F4E4152B80292F008C565D /* OAuthWebView.swift */; };
		66F4E41D2B811788008C565D /* AuthBadgeView.swift in Sources */ = {isa = PBXBuildFile; fileRef = 66F4E41C2B811788008C565D /* AuthBadgeView.swift */; };
		66F4E41E2B811788008C565D /* AuthBadgeView.swift in Sources */ = {isa = PBXBuildFile; fileRef = 66F4E41C2B811788008C565D /* AuthBadgeView.swift */; };
		66F4E4202B8118E9008C565D /* MainWindowView.swift in Sources */ = {isa = PBXBuildFile; fileRef = 66F4E41F2B8118E9008C565D /* MainWindowView.swift */; };
		66F4E4252B811B6C008C565D /* CloseButtonView.swift in Sources */ = {isa = PBXBuildFile; fileRef = 66F4E4242B811B6C008C565D /* CloseButtonView.swift */; };
		66F4E4262B811B6C008C565D /* CloseButtonView.swift in Sources */ = {isa = PBXBuildFile; fileRef = 66F4E4242B811B6C008C565D /* CloseButtonView.swift */; };
		66F4E4282B812932008C565D /* OAuthView.swift in Sources */ = {isa = PBXBuildFile; fileRef = 66F4E4272B812932008C565D /* OAuthView.swift */; };
		66F4E4292B812932008C565D /* OAuthView.swift in Sources */ = {isa = PBXBuildFile; fileRef = 66F4E4272B812932008C565D /* OAuthView.swift */; };
		66F4E42C2B812A32008C565D /* AuthController.swift in Sources */ = {isa = PBXBuildFile; fileRef = 66F4E42B2B812A32008C565D /* AuthController.swift */; };
		66F4E42D2B812A32008C565D /* AuthController.swift in Sources */ = {isa = PBXBuildFile; fileRef = 66F4E42B2B812A32008C565D /* AuthController.swift */; };
		66F4E4302B8132F5008C565D /* Twitch in Frameworks */ = {isa = PBXBuildFile; productRef = 66F4E42F2B8132F5008C565D /* Twitch */; };
		66F4E4342B813A1F008C565D /* FollowedStreamsView.swift in Sources */ = {isa = PBXBuildFile; fileRef = 66F4E4332B813A1F008C565D /* FollowedStreamsView.swift */; };
		66F4E4352B813A1F008C565D /* FollowedStreamsView.swift in Sources */ = {isa = PBXBuildFile; fileRef = 66F4E4332B813A1F008C565D /* FollowedStreamsView.swift */; };
		66F4E4372B813A2B008C565D /* FollowedStreamsModel.swift in Sources */ = {isa = PBXBuildFile; fileRef = 66F4E4362B813A2B008C565D /* FollowedStreamsModel.swift */; };
		66F4E4382B813A2B008C565D /* FollowedStreamsModel.swift in Sources */ = {isa = PBXBuildFile; fileRef = 66F4E4362B813A2B008C565D /* FollowedStreamsModel.swift */; };
		66F4E43A2B814D32008C565D /* DataProvider.swift in Sources */ = {isa = PBXBuildFile; fileRef = 66F4E4392B814D32008C565D /* DataProvider.swift */; };
		66F4E43B2B814D32008C565D /* DataProvider.swift in Sources */ = {isa = PBXBuildFile; fileRef = 66F4E4392B814D32008C565D /* DataProvider.swift */; };
		66F4E43D2B818499008C565D /* DataView.swift in Sources */ = {isa = PBXBuildFile; fileRef = 66F4E43C2B818499008C565D /* DataView.swift */; };
		66F4E43E2B818499008C565D /* DataView.swift in Sources */ = {isa = PBXBuildFile; fileRef = 66F4E43C2B818499008C565D /* DataView.swift */; };
/* End PBXBuildFile section */

/* Begin PBXFileReference section */
		660F73A12B7446D70011FD65 /* WebViewPlayer.swift */ = {isa = PBXFileReference; lastKnownFileType = sourcecode.swift; path = WebViewPlayer.swift; sourceTree = "<group>"; };
		660F73A42B745D710011FD65 /* PlayerControlsView.swift */ = {isa = PBXFileReference; lastKnownFileType = sourcecode.swift; path = PlayerControlsView.swift; sourceTree = "<group>"; };
		660F73A72B7464470011FD65 /* ChatWebView.swift */ = {isa = PBXFileReference; lastKnownFileType = sourcecode.swift; path = ChatWebView.swift; sourceTree = "<group>"; };
		663336932B75B7EA0098D188 /* View+WindowGeometryPreferences.swift */ = {isa = PBXFileReference; lastKnownFileType = sourcecode.swift; path = "View+WindowGeometryPreferences.swift"; sourceTree = "<group>"; };
		6633369B2B75BAB60098D188 /* AssetSelectionView.swift */ = {isa = PBXFileReference; lastKnownFileType = sourcecode.swift; path = AssetSelectionView.swift; sourceTree = "<group>"; };
		663B72F32B6DB8E60031D661 /* VisionTwitch.app */ = {isa = PBXFileReference; explicitFileType = wrapper.application; includeInIndex = 0; path = VisionTwitch.app; sourceTree = BUILT_PRODUCTS_DIR; };
		663B72F72B6DB8E60031D661 /* RealityKitContent */ = {isa = PBXFileReference; lastKnownFileType = wrapper; path = RealityKitContent; sourceTree = "<group>"; };
		663B72FA2B6DB8E60031D661 /* VisionTwitchApp.swift */ = {isa = PBXFileReference; lastKnownFileType = sourcecode.swift; path = VisionTwitchApp.swift; sourceTree = "<group>"; };
		663B72FE2B6DB8E60031D661 /* ImmersiveView.swift */ = {isa = PBXFileReference; lastKnownFileType = sourcecode.swift; path = ImmersiveView.swift; sourceTree = "<group>"; };
		663B73002B6DB8E60031D661 /* ImageBasedLighting.skybox */ = {isa = PBXFileReference; lastKnownFileType = file.skybox; path = ImageBasedLighting.skybox; sourceTree = "<group>"; };
		663B73022B6DB8E80031D661 /* Assets.xcassets */ = {isa = PBXFileReference; lastKnownFileType = folder.assetcatalog; path = Assets.xcassets; sourceTree = "<group>"; };
		663B73052B6DB8E80031D661 /* Preview Assets.xcassets */ = {isa = PBXFileReference; lastKnownFileType = folder.assetcatalog; path = "Preview Assets.xcassets"; sourceTree = "<group>"; };
		663B73072B6DB8E80031D661 /* Info.plist */ = {isa = PBXFileReference; lastKnownFileType = text.plist.xml; path = Info.plist; sourceTree = "<group>"; };
		663B73112B6DB9410031D661 /* VisionTwitchiOS.app */ = {isa = PBXFileReference; explicitFileType = wrapper.application; includeInIndex = 0; path = VisionTwitchiOS.app; sourceTree = BUILT_PRODUCTS_DIR; };
		663B73132B6DB9410031D661 /* VisionTwitchiOSApp.swift */ = {isa = PBXFileReference; lastKnownFileType = sourcecode.swift; path = VisionTwitchiOSApp.swift; sourceTree = "<group>"; };
		663B73152B6DB9410031D661 /* ContentView.swift */ = {isa = PBXFileReference; lastKnownFileType = sourcecode.swift; path = ContentView.swift; sourceTree = "<group>"; };
		663B73172B6DB9430031D661 /* Assets.xcassets */ = {isa = PBXFileReference; lastKnownFileType = folder.assetcatalog; path = Assets.xcassets; sourceTree = "<group>"; };
		663B731A2B6DB9430031D661 /* Preview Assets.xcassets */ = {isa = PBXFileReference; lastKnownFileType = folder.assetcatalog; path = "Preview Assets.xcassets"; sourceTree = "<group>"; };
		663B73222B6DB9A30031D661 /* TwitchVideoView.swift */ = {isa = PBXFileReference; lastKnownFileType = sourcecode.swift; path = TwitchVideoView.swift; sourceTree = "<group>"; };
		663B73262B6DBA8E0031D661 /* TwitchWebView.swift */ = {isa = PBXFileReference; lastKnownFileType = sourcecode.swift; path = TwitchWebView.swift; sourceTree = "<group>"; };
		663B73292B6DBB150031D661 /* index.html */ = {isa = PBXFileReference; lastKnownFileType = text.html; path = index.html; sourceTree = "<group>"; };
		66E102112B82515A007A44D4 /* TagView.swift */ = {isa = PBXFileReference; lastKnownFileType = sourcecode.swift; path = TagView.swift; sourceTree = "<group>"; };
		66F4E40E2B7D8FD3008C565D /* Twitch+Notification.swift */ = {isa = PBXFileReference; lastKnownFileType = sourcecode.swift; path = "Twitch+Notification.swift"; sourceTree = "<group>"; };
		66F4E4152B80292F008C565D /* OAuthWebView.swift */ = {isa = PBXFileReference; lastKnownFileType = sourcecode.swift; path = OAuthWebView.swift; sourceTree = "<group>"; };
		66F4E41C2B811788008C565D /* AuthBadgeView.swift */ = {isa = PBXFileReference; lastKnownFileType = sourcecode.swift; path = AuthBadgeView.swift; sourceTree = "<group>"; };
		66F4E41F2B8118E9008C565D /* MainWindowView.swift */ = {isa = PBXFileReference; lastKnownFileType = sourcecode.swift; path = MainWindowView.swift; sourceTree = "<group>"; };
		66F4E4242B811B6C008C565D /* CloseButtonView.swift */ = {isa = PBXFileReference; lastKnownFileType = sourcecode.swift; path = CloseButtonView.swift; sourceTree = "<group>"; };
		66F4E4272B812932008C565D /* OAuthView.swift */ = {isa = PBXFileReference; lastKnownFileType = sourcecode.swift; path = OAuthView.swift; sourceTree = "<group>"; };
		66F4E42B2B812A32008C565D /* AuthController.swift */ = {isa = PBXFileReference; lastKnownFileType = sourcecode.swift; path = AuthController.swift; sourceTree = "<group>"; };
		66F4E4332B813A1F008C565D /* FollowedStreamsView.swift */ = {isa = PBXFileReference; lastKnownFileType = sourcecode.swift; path = FollowedStreamsView.swift; sourceTree = "<group>"; };
		66F4E4362B813A2B008C565D /* FollowedStreamsModel.swift */ = {isa = PBXFileReference; lastKnownFileType = sourcecode.swift; path = FollowedStreamsModel.swift; sourceTree = "<group>"; };
		66F4E4392B814D32008C565D /* DataProvider.swift */ = {isa = PBXFileReference; lastKnownFileType = sourcecode.swift; path = DataProvider.swift; sourceTree = "<group>"; };
		66F4E43C2B818499008C565D /* DataView.swift */ = {isa = PBXFileReference; lastKnownFileType = sourcecode.swift; path = DataView.swift; sourceTree = "<group>"; };
/* End PBXFileReference section */

/* Begin PBXFrameworksBuildPhase section */
		663B72F02B6DB8E60031D661 /* Frameworks */ = {
			isa = PBXFrameworksBuildPhase;
			buildActionMask = 2147483647;
			files = (
				66F4E4302B8132F5008C565D /* Twitch in Frameworks */,
				663B72F92B6DB8E60031D661 /* RealityKitContent in Frameworks */,
				663B73312B6E06860031D661 /* Swifter in Frameworks */,
			);
			runOnlyForDeploymentPostprocessing = 0;
		};
		663B730E2B6DB9410031D661 /* Frameworks */ = {
			isa = PBXFrameworksBuildPhase;
			buildActionMask = 2147483647;
			files = (
				663B732E2B6E066D0031D661 /* Swifter in Frameworks */,
				663B73342B6E86B00031D661 /* FlyingFox in Frameworks */,
			);
			runOnlyForDeploymentPostprocessing = 0;
		};
/* End PBXFrameworksBuildPhase section */

/* Begin PBXGroup section */
		663336922B75B7D40098D188 /* Extensions */ = {
			isa = PBXGroup;
			children = (
				663336932B75B7EA0098D188 /* View+WindowGeometryPreferences.swift */,
			);
			path = Extensions;
			sourceTree = "<group>";
		};
		6633369A2B75BA7C0098D188 /* AssetSelection */ = {
			isa = PBXGroup;
			children = (
				6633369B2B75BAB60098D188 /* AssetSelectionView.swift */,
			);
			path = AssetSelection;
			sourceTree = "<group>";
		};
		663B72EA2B6DB8E60031D661 = {
			isa = PBXGroup;
			children = (
				663B72F52B6DB8E60031D661 /* VisionTwitch */,
				663B72F62B6DB8E60031D661 /* Packages */,
				663B73122B6DB9410031D661 /* VisionTwitchiOS */,
				663B72F42B6DB8E60031D661 /* Products */,
				663B732F2B6E06860031D661 /* Frameworks */,
			);
			sourceTree = "<group>";
		};
		663B72F42B6DB8E60031D661 /* Products */ = {
			isa = PBXGroup;
			children = (
				663B72F32B6DB8E60031D661 /* VisionTwitch.app */,
				663B73112B6DB9410031D661 /* VisionTwitchiOS.app */,
			);
			name = Products;
			sourceTree = "<group>";
		};
		663B72F52B6DB8E60031D661 /* VisionTwitch */ = {
			isa = PBXGroup;
			children = (
				66F4E42A2B812A1F008C565D /* API */,
				66F4E4312B813986008C565D /* Pages */,
				66F4E4222B811B51008C565D /* View */,
				663B72FA2B6DB8E60031D661 /* VisionTwitchApp.swift */,
				663B73002B6DB8E60031D661 /* ImageBasedLighting.skybox */,
				663B73022B6DB8E80031D661 /* Assets.xcassets */,
				663B73072B6DB8E80031D661 /* Info.plist */,
				663336922B75B7D40098D188 /* Extensions */,
				663B73042B6DB8E80031D661 /* Preview Content */,
			);
			path = VisionTwitch;
			sourceTree = "<group>";
		};
		663B72F62B6DB8E60031D661 /* Packages */ = {
			isa = PBXGroup;
			children = (
				663B72F72B6DB8E60031D661 /* RealityKitContent */,
			);
			path = Packages;
			sourceTree = "<group>";
		};
		663B73042B6DB8E80031D661 /* Preview Content */ = {
			isa = PBXGroup;
			children = (
				663B73052B6DB8E80031D661 /* Preview Assets.xcassets */,
			);
			path = "Preview Content";
			sourceTree = "<group>";
		};
		663B73122B6DB9410031D661 /* VisionTwitchiOS */ = {
			isa = PBXGroup;
			children = (
				663B73132B6DB9410031D661 /* VisionTwitchiOSApp.swift */,
				663B73152B6DB9410031D661 /* ContentView.swift */,
				663B73172B6DB9430031D661 /* Assets.xcassets */,
				663B73192B6DB9430031D661 /* Preview Content */,
			);
			path = VisionTwitchiOS;
			sourceTree = "<group>";
		};
		663B73192B6DB9430031D661 /* Preview Content */ = {
			isa = PBXGroup;
			children = (
				663B731A2B6DB9430031D661 /* Preview Assets.xcassets */,
			);
			path = "Preview Content";
			sourceTree = "<group>";
		};
		663B73252B6DBA7F0031D661 /* TwitchVideoView */ = {
			isa = PBXGroup;
			children = (
				663B73222B6DB9A30031D661 /* TwitchVideoView.swift */,
				663B73262B6DBA8E0031D661 /* TwitchWebView.swift */,
				660F73A72B7464470011FD65 /* ChatWebView.swift */,
				663B73292B6DBB150031D661 /* index.html */,
				660F73A12B7446D70011FD65 /* WebViewPlayer.swift */,
				660F73A42B745D710011FD65 /* PlayerControlsView.swift */,
				66F4E40E2B7D8FD3008C565D /* Twitch+Notification.swift */,
			);
			path = TwitchVideoView;
			sourceTree = "<group>";
		};
		663B732F2B6E06860031D661 /* Frameworks */ = {
			isa = PBXGroup;
			children = (
			);
			name = Frameworks;
			sourceTree = "<group>";
		};
		66F4E4142B802916008C565D /* OAuth */ = {
			isa = PBXGroup;
			children = (
				66F4E4152B80292F008C565D /* OAuthWebView.swift */,
				66F4E4272B812932008C565D /* OAuthView.swift */,
			);
			path = OAuth;
			sourceTree = "<group>";
		};
		66F4E41B2B811778008C565D /* API */ = {
			isa = PBXGroup;
			children = (
				66F4E4142B802916008C565D /* OAuth */,
				66F4E41C2B811788008C565D /* AuthBadgeView.swift */,
				66F4E43C2B818499008C565D /* DataView.swift */,
			);
			path = API;
			sourceTree = "<group>";
		};
		66F4E4222B811B51008C565D /* View */ = {
			isa = PBXGroup;
			children = (
				66F4E41B2B811778008C565D /* API */,
				6633369A2B75BA7C0098D188 /* AssetSelection */,
				663B73252B6DBA7F0031D661 /* TwitchVideoView */,
				66F4E4232B811B5F008C565D /* Shared */,
				66F4E41F2B8118E9008C565D /* MainWindowView.swift */,
				663B72FE2B6DB8E60031D661 /* ImmersiveView.swift */,
			);
			path = View;
			sourceTree = "<group>";
		};
		66F4E4232B811B5F008C565D /* Shared */ = {
			isa = PBXGroup;
			children = (
				66F4E4242B811B6C008C565D /* CloseButtonView.swift */,
				66E102112B82515A007A44D4 /* TagView.swift */,
			);
			path = Shared;
			sourceTree = "<group>";
		};
		66F4E42A2B812A1F008C565D /* API */ = {
			isa = PBXGroup;
			children = (
				66F4E42B2B812A32008C565D /* AuthController.swift */,
				66F4E4392B814D32008C565D /* DataProvider.swift */,
			);
			path = API;
			sourceTree = "<group>";
		};
		66F4E4312B813986008C565D /* Pages */ = {
			isa = PBXGroup;
			children = (
				66F4E4322B813A0C008C565D /* FollowedStreams */,
			);
			path = Pages;
			sourceTree = "<group>";
		};
		66F4E4322B813A0C008C565D /* FollowedStreams */ = {
			isa = PBXGroup;
			children = (
				66F4E4332B813A1F008C565D /* FollowedStreamsView.swift */,
				66F4E4362B813A2B008C565D /* FollowedStreamsModel.swift */,
			);
			path = FollowedStreams;
			sourceTree = "<group>";
		};
/* End PBXGroup section */

/* Begin PBXNativeTarget section */
		663B72F22B6DB8E60031D661 /* VisionTwitch */ = {
			isa = PBXNativeTarget;
			buildConfigurationList = 663B730A2B6DB8E80031D661 /* Build configuration list for PBXNativeTarget "VisionTwitch" */;
			buildPhases = (
				663B72EF2B6DB8E60031D661 /* Sources */,
				663B72F02B6DB8E60031D661 /* Frameworks */,
				663B72F12B6DB8E60031D661 /* Resources */,
			);
			buildRules = (
			);
			dependencies = (
			);
			name = VisionTwitch;
			packageProductDependencies = (
				663B72F82B6DB8E60031D661 /* RealityKitContent */,
				663B73302B6E06860031D661 /* Swifter */,
				66F4E42F2B8132F5008C565D /* Twitch */,
			);
			productName = VisionTwitch;
			productReference = 663B72F32B6DB8E60031D661 /* VisionTwitch.app */;
			productType = "com.apple.product-type.application";
		};
		663B73102B6DB9410031D661 /* VisionTwitchiOS */ = {
			isa = PBXNativeTarget;
			buildConfigurationList = 663B731C2B6DB9430031D661 /* Build configuration list for PBXNativeTarget "VisionTwitchiOS" */;
			buildPhases = (
				663B730D2B6DB9410031D661 /* Sources */,
				663B730E2B6DB9410031D661 /* Frameworks */,
				663B730F2B6DB9410031D661 /* Resources */,
			);
			buildRules = (
			);
			dependencies = (
			);
			name = VisionTwitchiOS;
			packageProductDependencies = (
				663B732D2B6E066D0031D661 /* Swifter */,
				663B73332B6E86B00031D661 /* FlyingFox */,
			);
			productName = VisionTwitchiOS;
			productReference = 663B73112B6DB9410031D661 /* VisionTwitchiOS.app */;
			productType = "com.apple.product-type.application";
		};
/* End PBXNativeTarget section */

/* Begin PBXProject section */
		663B72EB2B6DB8E60031D661 /* Project object */ = {
			isa = PBXProject;
			attributes = {
				BuildIndependentTargetsInParallel = 1;
				LastSwiftUpdateCheck = 1520;
				LastUpgradeCheck = 1520;
				TargetAttributes = {
					663B72F22B6DB8E60031D661 = {
						CreatedOnToolsVersion = 15.2;
					};
					663B73102B6DB9410031D661 = {
						CreatedOnToolsVersion = 15.2;
					};
				};
			};
			buildConfigurationList = 663B72EE2B6DB8E60031D661 /* Build configuration list for PBXProject "VisionTwitch" */;
			compatibilityVersion = "Xcode 14.0";
			developmentRegion = en;
			hasScannedForEncodings = 0;
			knownRegions = (
				en,
				Base,
			);
			mainGroup = 663B72EA2B6DB8E60031D661;
			packageReferences = (
				663B732C2B6E066D0031D661 /* XCRemoteSwiftPackageReference "swifter" */,
				663B73322B6E86B00031D661 /* XCRemoteSwiftPackageReference "FlyingFox" */,
				66F4E42E2B8132F5008C565D /* XCRemoteSwiftPackageReference "swift-twitch-client" */,
			);
			productRefGroup = 663B72F42B6DB8E60031D661 /* Products */;
			projectDirPath = "";
			projectRoot = "";
			targets = (
				663B72F22B6DB8E60031D661 /* VisionTwitch */,
				663B73102B6DB9410031D661 /* VisionTwitchiOS */,
			);
		};
/* End PBXProject section */

/* Begin PBXResourcesBuildPhase section */
		663B72F12B6DB8E60031D661 /* Resources */ = {
			isa = PBXResourcesBuildPhase;
			buildActionMask = 2147483647;
			files = (
				663B73032B6DB8E80031D661 /* Assets.xcassets in Resources */,
				663B732A2B6DBB150031D661 /* index.html in Resources */,
				663B73062B6DB8E80031D661 /* Preview Assets.xcassets in Resources */,
				663B73012B6DB8E60031D661 /* ImageBasedLighting.skybox in Resources */,
			);
			runOnlyForDeploymentPostprocessing = 0;
		};
		663B730F2B6DB9410031D661 /* Resources */ = {
			isa = PBXResourcesBuildPhase;
			buildActionMask = 2147483647;
			files = (
				663B732B2B6DBB150031D661 /* index.html in Resources */,
				663B731B2B6DB9430031D661 /* Preview Assets.xcassets in Resources */,
				663B73182B6DB9430031D661 /* Assets.xcassets in Resources */,
			);
			runOnlyForDeploymentPostprocessing = 0;
		};
/* End PBXResourcesBuildPhase section */

/* Begin PBXSourcesBuildPhase section */
		663B72EF2B6DB8E60031D661 /* Sources */ = {
			isa = PBXSourcesBuildPhase;
			buildActionMask = 2147483647;
			files = (
				663336942B75B7EA0098D188 /* View+WindowGeometryPreferences.swift in Sources */,
				660F73A82B7464470011FD65 /* ChatWebView.swift in Sources */,
				66F4E43D2B818499008C565D /* DataView.swift in Sources */,
				663B73272B6DBA8E0031D661 /* TwitchWebView.swift in Sources */,
				660F73A52B745D710011FD65 /* PlayerControlsView.swift in Sources */,
				66F4E4252B811B6C008C565D /* CloseButtonView.swift in Sources */,
				66F4E42C2B812A32008C565D /* AuthController.swift in Sources */,
				66F4E4342B813A1F008C565D /* FollowedStreamsView.swift in Sources */,
				66F4E43A2B814D32008C565D /* DataProvider.swift in Sources */,
				66F4E4372B813A2B008C565D /* FollowedStreamsModel.swift in Sources */,
				660F73A22B7446D70011FD65 /* WebViewPlayer.swift in Sources */,
				66E102122B82515A007A44D4 /* TagView.swift in Sources */,
				663B73232B6DB9A30031D661 /* TwitchVideoView.swift in Sources */,
				663B72FB2B6DB8E60031D661 /* VisionTwitchApp.swift in Sources */,
				66F4E40F2B7D8FD3008C565D /* Twitch+Notification.swift in Sources */,
				66F4E4282B812932008C565D /* OAuthView.swift in Sources */,
				66F4E4162B80292F008C565D /* OAuthWebView.swift in Sources */,
				66F4E4202B8118E9008C565D /* MainWindowView.swift in Sources */,
				663B72FF2B6DB8E60031D661 /* ImmersiveView.swift in Sources */,
				66F4E41D2B811788008C565D /* AuthBadgeView.swift in Sources */,
				6633369C2B75BAB60098D188 /* AssetSelectionView.swift in Sources */,
			);
			runOnlyForDeploymentPostprocessing = 0;
		};
		663B730D2B6DB9410031D661 /* Sources */ = {
			isa = PBXSourcesBuildPhase;
			buildActionMask = 2147483647;
			files = (
				663B73162B6DB9410031D661 /* ContentView.swift in Sources */,
				663B73282B6DBA8E0031D661 /* TwitchWebView.swift in Sources */,
				663B73142B6DB9410031D661 /* VisionTwitchiOSApp.swift in Sources */,
				66F4E4382B813A2B008C565D /* FollowedStreamsModel.swift in Sources */,
				663336952B75B7EA0098D188 /* View+WindowGeometryPreferences.swift in Sources */,
				660F73A32B7446D70011FD65 /* WebViewPlayer.swift in Sources */,
				66F4E43B2B814D32008C565D /* DataProvider.swift in Sources */,
				663B73242B6DB9A30031D661 /* TwitchVideoView.swift in Sources */,
				66F4E4262B811B6C008C565D /* CloseButtonView.swift in Sources */,
				66F4E42D2B812A32008C565D /* AuthController.swift in Sources */,
				660F73A62B745D710011FD65 /* PlayerControlsView.swift in Sources */,
				66E102132B82515A007A44D4 /* TagView.swift in Sources */,
				66F4E4102B7D8FD3008C565D /* Twitch+Notification.swift in Sources */,
				66F4E4352B813A1F008C565D /* FollowedStreamsView.swift in Sources */,
				66F4E4172B80292F008C565D /* OAuthWebView.swift in Sources */,
				660F73A92B7464470011FD65 /* ChatWebView.swift in Sources */,
				66F4E43E2B818499008C565D /* DataView.swift in Sources */,
				66F4E41E2B811788008C565D /* AuthBadgeView.swift in Sources */,
				66F4E4292B812932008C565D /* OAuthView.swift in Sources */,
				6633369D2B75BAB60098D188 /* AssetSelectionView.swift in Sources */,
			);
			runOnlyForDeploymentPostprocessing = 0;
		};
/* End PBXSourcesBuildPhase section */

/* Begin XCBuildConfiguration section */
		663B73082B6DB8E80031D661 /* Debug */ = {
			isa = XCBuildConfiguration;
			buildSettings = {
				ALWAYS_SEARCH_USER_PATHS = NO;
				ASSETCATALOG_COMPILER_GENERATE_SWIFT_ASSET_SYMBOL_EXTENSIONS = YES;
				CLANG_ANALYZER_NONNULL = YES;
				CLANG_ANALYZER_NUMBER_OBJECT_CONVERSION = YES_AGGRESSIVE;
				CLANG_CXX_LANGUAGE_STANDARD = "gnu++20";
				CLANG_ENABLE_MODULES = YES;
				CLANG_ENABLE_OBJC_ARC = YES;
				CLANG_ENABLE_OBJC_WEAK = YES;
				CLANG_WARN_BLOCK_CAPTURE_AUTORELEASING = YES;
				CLANG_WARN_BOOL_CONVERSION = YES;
				CLANG_WARN_COMMA = YES;
				CLANG_WARN_CONSTANT_CONVERSION = YES;
				CLANG_WARN_DEPRECATED_OBJC_IMPLEMENTATIONS = YES;
				CLANG_WARN_DIRECT_OBJC_ISA_USAGE = YES_ERROR;
				CLANG_WARN_DOCUMENTATION_COMMENTS = YES;
				CLANG_WARN_EMPTY_BODY = YES;
				CLANG_WARN_ENUM_CONVERSION = YES;
				CLANG_WARN_INFINITE_RECURSION = YES;
				CLANG_WARN_INT_CONVERSION = YES;
				CLANG_WARN_NON_LITERAL_NULL_CONVERSION = YES;
				CLANG_WARN_OBJC_IMPLICIT_RETAIN_SELF = YES;
				CLANG_WARN_OBJC_LITERAL_CONVERSION = YES;
				CLANG_WARN_OBJC_ROOT_CLASS = YES_ERROR;
				CLANG_WARN_QUOTED_INCLUDE_IN_FRAMEWORK_HEADER = YES;
				CLANG_WARN_RANGE_LOOP_ANALYSIS = YES;
				CLANG_WARN_STRICT_PROTOTYPES = YES;
				CLANG_WARN_SUSPICIOUS_MOVE = YES;
				CLANG_WARN_UNGUARDED_AVAILABILITY = YES_AGGRESSIVE;
				CLANG_WARN_UNREACHABLE_CODE = YES;
				CLANG_WARN__DUPLICATE_METHOD_MATCH = YES;
				COPY_PHASE_STRIP = NO;
				DEBUG_INFORMATION_FORMAT = dwarf;
				ENABLE_STRICT_OBJC_MSGSEND = YES;
				ENABLE_TESTABILITY = YES;
				ENABLE_USER_SCRIPT_SANDBOXING = YES;
				GCC_C_LANGUAGE_STANDARD = gnu17;
				GCC_DYNAMIC_NO_PIC = NO;
				GCC_NO_COMMON_BLOCKS = YES;
				GCC_OPTIMIZATION_LEVEL = 0;
				GCC_PREPROCESSOR_DEFINITIONS = (
					"DEBUG=1",
					"$(inherited)",
				);
				GCC_WARN_64_TO_32_BIT_CONVERSION = YES;
				GCC_WARN_ABOUT_RETURN_TYPE = YES_ERROR;
				GCC_WARN_UNDECLARED_SELECTOR = YES;
				GCC_WARN_UNINITIALIZED_AUTOS = YES_AGGRESSIVE;
				GCC_WARN_UNUSED_FUNCTION = YES;
				GCC_WARN_UNUSED_VARIABLE = YES;
				LOCALIZATION_PREFERS_STRING_CATALOGS = YES;
				MTL_ENABLE_DEBUG_INFO = INCLUDE_SOURCE;
				MTL_FAST_MATH = YES;
				ONLY_ACTIVE_ARCH = YES;
				SDKROOT = xros;
				SWIFT_ACTIVE_COMPILATION_CONDITIONS = "DEBUG $(inherited)";
				SWIFT_OPTIMIZATION_LEVEL = "-Onone";
				XROS_DEPLOYMENT_TARGET = 1.0;
			};
			name = Debug;
		};
		663B73092B6DB8E80031D661 /* Release */ = {
			isa = XCBuildConfiguration;
			buildSettings = {
				ALWAYS_SEARCH_USER_PATHS = NO;
				ASSETCATALOG_COMPILER_GENERATE_SWIFT_ASSET_SYMBOL_EXTENSIONS = YES;
				CLANG_ANALYZER_NONNULL = YES;
				CLANG_ANALYZER_NUMBER_OBJECT_CONVERSION = YES_AGGRESSIVE;
				CLANG_CXX_LANGUAGE_STANDARD = "gnu++20";
				CLANG_ENABLE_MODULES = YES;
				CLANG_ENABLE_OBJC_ARC = YES;
				CLANG_ENABLE_OBJC_WEAK = YES;
				CLANG_WARN_BLOCK_CAPTURE_AUTORELEASING = YES;
				CLANG_WARN_BOOL_CONVERSION = YES;
				CLANG_WARN_COMMA = YES;
				CLANG_WARN_CONSTANT_CONVERSION = YES;
				CLANG_WARN_DEPRECATED_OBJC_IMPLEMENTATIONS = YES;
				CLANG_WARN_DIRECT_OBJC_ISA_USAGE = YES_ERROR;
				CLANG_WARN_DOCUMENTATION_COMMENTS = YES;
				CLANG_WARN_EMPTY_BODY = YES;
				CLANG_WARN_ENUM_CONVERSION = YES;
				CLANG_WARN_INFINITE_RECURSION = YES;
				CLANG_WARN_INT_CONVERSION = YES;
				CLANG_WARN_NON_LITERAL_NULL_CONVERSION = YES;
				CLANG_WARN_OBJC_IMPLICIT_RETAIN_SELF = YES;
				CLANG_WARN_OBJC_LITERAL_CONVERSION = YES;
				CLANG_WARN_OBJC_ROOT_CLASS = YES_ERROR;
				CLANG_WARN_QUOTED_INCLUDE_IN_FRAMEWORK_HEADER = YES;
				CLANG_WARN_RANGE_LOOP_ANALYSIS = YES;
				CLANG_WARN_STRICT_PROTOTYPES = YES;
				CLANG_WARN_SUSPICIOUS_MOVE = YES;
				CLANG_WARN_UNGUARDED_AVAILABILITY = YES_AGGRESSIVE;
				CLANG_WARN_UNREACHABLE_CODE = YES;
				CLANG_WARN__DUPLICATE_METHOD_MATCH = YES;
				COPY_PHASE_STRIP = NO;
				DEBUG_INFORMATION_FORMAT = "dwarf-with-dsym";
				ENABLE_NS_ASSERTIONS = NO;
				ENABLE_STRICT_OBJC_MSGSEND = YES;
				ENABLE_USER_SCRIPT_SANDBOXING = YES;
				GCC_C_LANGUAGE_STANDARD = gnu17;
				GCC_NO_COMMON_BLOCKS = YES;
				GCC_WARN_64_TO_32_BIT_CONVERSION = YES;
				GCC_WARN_ABOUT_RETURN_TYPE = YES_ERROR;
				GCC_WARN_UNDECLARED_SELECTOR = YES;
				GCC_WARN_UNINITIALIZED_AUTOS = YES_AGGRESSIVE;
				GCC_WARN_UNUSED_FUNCTION = YES;
				GCC_WARN_UNUSED_VARIABLE = YES;
				LOCALIZATION_PREFERS_STRING_CATALOGS = YES;
				MTL_ENABLE_DEBUG_INFO = NO;
				MTL_FAST_MATH = YES;
				SDKROOT = xros;
				SWIFT_COMPILATION_MODE = wholemodule;
				VALIDATE_PRODUCT = YES;
				XROS_DEPLOYMENT_TARGET = 1.0;
			};
			name = Release;
		};
		663B730B2B6DB8E80031D661 /* Debug */ = {
			isa = XCBuildConfiguration;
			buildSettings = {
				ASSETCATALOG_COMPILER_APPICON_NAME = AppIcon;
				ASSETCATALOG_COMPILER_GLOBAL_ACCENT_COLOR_NAME = AccentColor;
				CODE_SIGN_STYLE = Automatic;
				CURRENT_PROJECT_VERSION = 1;
				DEVELOPMENT_ASSET_PATHS = "\"VisionTwitch/Preview Content\"";
				DEVELOPMENT_TEAM = 8GHG7MV8H4;
				ENABLE_PREVIEWS = YES;
				GENERATE_INFOPLIST_FILE = YES;
				INFOPLIST_FILE = "$(TARGET_NAME)/Info.plist";
				LD_RUNPATH_SEARCH_PATHS = (
					"$(inherited)",
					"@executable_path/Frameworks",
				);
				MARKETING_VERSION = 1.0;
				PRODUCT_BUNDLE_IDENTIFIER = im.agg.VisionTwitch;
				PRODUCT_NAME = "$(TARGET_NAME)";
				SUPPORTED_PLATFORMS = "xros xrsimulator";
				SWIFT_EMIT_LOC_STRINGS = YES;
				SWIFT_VERSION = 5.0;
				TARGETED_DEVICE_FAMILY = "1,2,7";
			};
			name = Debug;
		};
		663B730C2B6DB8E80031D661 /* Release */ = {
			isa = XCBuildConfiguration;
			buildSettings = {
				ASSETCATALOG_COMPILER_APPICON_NAME = AppIcon;
				ASSETCATALOG_COMPILER_GLOBAL_ACCENT_COLOR_NAME = AccentColor;
				CODE_SIGN_STYLE = Automatic;
				CURRENT_PROJECT_VERSION = 1;
				DEVELOPMENT_ASSET_PATHS = "\"VisionTwitch/Preview Content\"";
				DEVELOPMENT_TEAM = 8GHG7MV8H4;
				ENABLE_PREVIEWS = YES;
				GENERATE_INFOPLIST_FILE = YES;
				INFOPLIST_FILE = "$(TARGET_NAME)/Info.plist";
				LD_RUNPATH_SEARCH_PATHS = (
					"$(inherited)",
					"@executable_path/Frameworks",
				);
				MARKETING_VERSION = 1.0;
				PRODUCT_BUNDLE_IDENTIFIER = im.agg.VisionTwitch;
				PRODUCT_NAME = "$(TARGET_NAME)";
				SUPPORTED_PLATFORMS = "xros xrsimulator";
				SWIFT_EMIT_LOC_STRINGS = YES;
				SWIFT_VERSION = 5.0;
				TARGETED_DEVICE_FAMILY = "1,2,7";
			};
			name = Release;
		};
		663B731D2B6DB9430031D661 /* Debug */ = {
			isa = XCBuildConfiguration;
			buildSettings = {
				ASSETCATALOG_COMPILER_APPICON_NAME = AppIcon;
				ASSETCATALOG_COMPILER_GLOBAL_ACCENT_COLOR_NAME = AccentColor;
				CODE_SIGN_STYLE = Automatic;
				CURRENT_PROJECT_VERSION = 1;
				DEVELOPMENT_ASSET_PATHS = "\"VisionTwitchiOS/Preview Content\"";
				DEVELOPMENT_TEAM = 8GHG7MV8H4;
				ENABLE_PREVIEWS = YES;
				GENERATE_INFOPLIST_FILE = YES;
				INFOPLIST_KEY_UIApplicationSceneManifest_Generation = YES;
				INFOPLIST_KEY_UIApplicationSupportsIndirectInputEvents = YES;
				INFOPLIST_KEY_UILaunchScreen_Generation = YES;
				INFOPLIST_KEY_UISupportedInterfaceOrientations_iPad = "UIInterfaceOrientationPortrait UIInterfaceOrientationPortraitUpsideDown UIInterfaceOrientationLandscapeLeft UIInterfaceOrientationLandscapeRight";
				INFOPLIST_KEY_UISupportedInterfaceOrientations_iPhone = "UIInterfaceOrientationPortrait UIInterfaceOrientationLandscapeLeft UIInterfaceOrientationLandscapeRight";
				IPHONEOS_DEPLOYMENT_TARGET = 17.0;
				LD_RUNPATH_SEARCH_PATHS = (
					"$(inherited)",
					"@executable_path/Frameworks",
				);
				MARKETING_VERSION = 1.0;
				PRODUCT_BUNDLE_IDENTIFIER = im.agg.VisionTwitchiOS;
				PRODUCT_NAME = "$(TARGET_NAME)";
				SDKROOT = iphoneos;
				SWIFT_EMIT_LOC_STRINGS = YES;
				SWIFT_VERSION = 5.0;
				TARGETED_DEVICE_FAMILY = "1,2";
			};
			name = Debug;
		};
		663B731E2B6DB9430031D661 /* Release */ = {
			isa = XCBuildConfiguration;
			buildSettings = {
				ASSETCATALOG_COMPILER_APPICON_NAME = AppIcon;
				ASSETCATALOG_COMPILER_GLOBAL_ACCENT_COLOR_NAME = AccentColor;
				CODE_SIGN_STYLE = Automatic;
				CURRENT_PROJECT_VERSION = 1;
				DEVELOPMENT_ASSET_PATHS = "\"VisionTwitchiOS/Preview Content\"";
				DEVELOPMENT_TEAM = 8GHG7MV8H4;
				ENABLE_PREVIEWS = YES;
				GENERATE_INFOPLIST_FILE = YES;
				INFOPLIST_KEY_UIApplicationSceneManifest_Generation = YES;
				INFOPLIST_KEY_UIApplicationSupportsIndirectInputEvents = YES;
				INFOPLIST_KEY_UILaunchScreen_Generation = YES;
				INFOPLIST_KEY_UISupportedInterfaceOrientations_iPad = "UIInterfaceOrientationPortrait UIInterfaceOrientationPortraitUpsideDown UIInterfaceOrientationLandscapeLeft UIInterfaceOrientationLandscapeRight";
				INFOPLIST_KEY_UISupportedInterfaceOrientations_iPhone = "UIInterfaceOrientationPortrait UIInterfaceOrientationLandscapeLeft UIInterfaceOrientationLandscapeRight";
				IPHONEOS_DEPLOYMENT_TARGET = 17.0;
				LD_RUNPATH_SEARCH_PATHS = (
					"$(inherited)",
					"@executable_path/Frameworks",
				);
				MARKETING_VERSION = 1.0;
				PRODUCT_BUNDLE_IDENTIFIER = im.agg.VisionTwitchiOS;
				PRODUCT_NAME = "$(TARGET_NAME)";
				SDKROOT = iphoneos;
				SWIFT_EMIT_LOC_STRINGS = YES;
				SWIFT_VERSION = 5.0;
				TARGETED_DEVICE_FAMILY = "1,2";
			};
			name = Release;
		};
/* End XCBuildConfiguration section */

/* Begin XCConfigurationList section */
		663B72EE2B6DB8E60031D661 /* Build configuration list for PBXProject "VisionTwitch" */ = {
			isa = XCConfigurationList;
			buildConfigurations = (
				663B73082B6DB8E80031D661 /* Debug */,
				663B73092B6DB8E80031D661 /* Release */,
			);
			defaultConfigurationIsVisible = 0;
			defaultConfigurationName = Release;
		};
		663B730A2B6DB8E80031D661 /* Build configuration list for PBXNativeTarget "VisionTwitch" */ = {
			isa = XCConfigurationList;
			buildConfigurations = (
				663B730B2B6DB8E80031D661 /* Debug */,
				663B730C2B6DB8E80031D661 /* Release */,
			);
			defaultConfigurationIsVisible = 0;
			defaultConfigurationName = Release;
		};
		663B731C2B6DB9430031D661 /* Build configuration list for PBXNativeTarget "VisionTwitchiOS" */ = {
			isa = XCConfigurationList;
			buildConfigurations = (
				663B731D2B6DB9430031D661 /* Debug */,
				663B731E2B6DB9430031D661 /* Release */,
			);
			defaultConfigurationIsVisible = 0;
			defaultConfigurationName = Release;
		};
/* End XCConfigurationList section */

/* Begin XCRemoteSwiftPackageReference section */
		663B732C2B6E066D0031D661 /* XCRemoteSwiftPackageReference "swifter" */ = {
			isa = XCRemoteSwiftPackageReference;
			repositoryURL = "https://github.com/httpswift/swifter.git";
			requirement = {
				kind = upToNextMajorVersion;
				minimumVersion = 1.5.0;
			};
		};
		663B73322B6E86B00031D661 /* XCRemoteSwiftPackageReference "FlyingFox" */ = {
			isa = XCRemoteSwiftPackageReference;
			repositoryURL = "https://github.com/swhitty/FlyingFox.git";
			requirement = {
				kind = upToNextMajorVersion;
				minimumVersion = 0.13.0;
			};
		};
		66F4E42E2B8132F5008C565D /* XCRemoteSwiftPackageReference "swift-twitch-client" */ = {
			isa = XCRemoteSwiftPackageReference;
			repositoryURL = "https://github.com/agg23/swift-twitch-client";
			requirement = {
				branch = main;
				kind = branch;
			};
		};
/* End XCRemoteSwiftPackageReference section */

/* Begin XCSwiftPackageProductDependency section */
		663B72F82B6DB8E60031D661 /* RealityKitContent */ = {
			isa = XCSwiftPackageProductDependency;
			productName = RealityKitContent;
		};
		663B732D2B6E066D0031D661 /* Swifter */ = {
			isa = XCSwiftPackageProductDependency;
			package = 663B732C2B6E066D0031D661 /* XCRemoteSwiftPackageReference "swifter" */;
			productName = Swifter;
		};
		663B73302B6E06860031D661 /* Swifter */ = {
			isa = XCSwiftPackageProductDependency;
			package = 663B732C2B6E066D0031D661 /* XCRemoteSwiftPackageReference "swifter" */;
			productName = Swifter;
		};
		663B73332B6E86B00031D661 /* FlyingFox */ = {
			isa = XCSwiftPackageProductDependency;
			package = 663B73322B6E86B00031D661 /* XCRemoteSwiftPackageReference "FlyingFox" */;
			productName = FlyingFox;
		};
		66F4E42F2B8132F5008C565D /* Twitch */ = {
			isa = XCSwiftPackageProductDependency;
			package = 66F4E42E2B8132F5008C565D /* XCRemoteSwiftPackageReference "swift-twitch-client" */;
			productName = Twitch;
		};
/* End XCSwiftPackageProductDependency section */
	};
	rootObject = 663B72EB2B6DB8E60031D661 /* Project object */;
}
